
Microsoft Visual Studio Solution File, Format Version 11.00
# Visual Studio 2010
Project("{FAE04EC0-301F-11D3-BF4B-00C04F79EFBC}") = "NoiseAnalysisSystem", "NoiseAnalysisSystem\NoiseAnalysisSystem.csproj", "{FCE87823-4C94-4B67-9665-82479F23DDD1}"
EndProject
Project("{FAE04EC0-301F-11D3-BF4B-00C04F79EFBC}") = "Utility", "DBUtility\Utility.csproj", "{3BB68F7C-6C07-4890-9851-C73CE00C17F5}"
EndProject
Project("{FAE04EC0-301F-11D3-BF4B-00C04F79EFBC}") = "Common", "Common\Common.csproj", "{BB39153E-4B1E-48B3-8790-F4461D4B238B}"
EndProject
Project("{FAE04EC0-301F-11D3-BF4B-00C04F79EFBC}") = "Protocol", "Protocol\Protocol.csproj", "{CBDF6FF1-FDC4-42BE-A21A-A5559DC20F6F}"
EndProject
Project("{FAE04EC0-301F-11D3-BF4B-00C04F79EFBC}") = "Test", "Test\Test.csproj", "{B0B78C14-5D2B-4FC3-BDC8-05FFD4CF4CCC}"
EndProject
Project("{54435603-DBB4-11D2-8724-00A0C9A8B90C}") = "Setup", "Setup\Setup.vdproj", "{90961DF0-F83E-4015-953E-C9D68FB5577A}"
EndProject
Project("{FAE04EC0-301F-11D3-BF4B-00C04F79EFBC}") = "Entity", "Entity\Entity.csproj", "{A73A7A63-11C8-40BC-AA44-0ACD23F00A0B}"
EndProject
Project("{FAE04EC0-301F-11D3-BF4B-00C04F79EFBC}") = "NoiseRecMgr", "NoiseRecMgr\NoiseRecMgr.csproj", "{8744926E-0AF2-4F41-81D3-98004974856B}"
EndProject
Project("{FAE04EC0-301F-11D3-BF4B-00C04F79EFBC}") = "NoiseMap", "NoiseMap\NoiseMap.csproj", "{8A4C67CC-EDF4-4AD7-9C8A-A8148C17999E}"
EndProject
Project("{FAE04EC0-301F-11D3-BF4B-00C04F79EFBC}") = "NoiseParmSetting", "NoiseParmSetting\NoiseParmSetting.csproj", "{EFD170E0-EA31-45F7-807F-46791484D2D4}"
EndProject
Project("{FAE04EC0-301F-11D3-BF4B-00C04F79EFBC}") = "NoiseFFT", "NoiseFFT\NoiseFFT.csproj", "{1B23425E-3641-4B88-BD76-971C12C03713}"
EndProject
Project("{FAE04EC0-301F-11D3-BF4B-00C04F79EFBC}") = "NoiseDataCompare", "NoiseDataCompare\NoiseDataCompare.csproj", "{B67DCBA3-3945-4245-A44F-1ED35E76BAE2}"
EndProject
Project("{FAE04EC0-301F-11D3-BF4B-00C04F79EFBC}") = "NoiseEnergyAnalysis", "NoiseEnergyAnalysis\NoiseEnergyAnalysis.csproj", "{7289EE4B-D27F-4C92-BCE2-B599D8DA4127}"
EndProject
Project("{FAE04EC0-301F-11D3-BF4B-00C04F79EFBC}") = "PreTerAlarm", "PreTerAlarm\PreTerAlarm.csproj", "{CFE8708A-7EB0-45D8-BD79-0EDCCA20E94F}"
EndProject
Project("{FAE04EC0-301F-11D3-BF4B-00C04F79EFBC}") = "PreTerMgr", "PreTerMgr\PreTerMgr.csproj", "{F7910E06-3FEB-4D0C-976F-70285B06E90C}"
EndProject
Project("{FAE04EC0-301F-11D3-BF4B-00C04F79EFBC}") = "PreTerMonitor", "PreTerMonitor\PreTerMonitor.csproj", "{5701E610-ECA4-4EF5-8475-038C59F4D557}"
EndProject
Project("{FAE04EC0-301F-11D3-BF4B-00C04F79EFBC}") = "PreTerParm", "PreTerParm\PreTerParm.csproj", "{0150D7FD-CC7E-40C0-97D5-80457FD1BB1B}"
EndProject
Project("{FAE04EC0-301F-11D3-BF4B-00C04F79EFBC}") = "PreTerReportHistory", "PreTerReportHistory\PreTerReportHistory.csproj", "{8CFF5DBD-3C8F-4817-BC49-35AC5CEC1A56}"
EndProject
Project("{FAE04EC0-301F-11D3-BF4B-00C04F79EFBC}") = "PreTerStoppage", "PreTerStoppage\PreTerStoppage.csproj", "{73C5ED59-BB50-47C0-97CC-43F82BCA3BA4}"
EndProject
Project("{FAE04EC0-301F-11D3-BF4B-00C04F79EFBC}") = "NoiseDataMgr", "NoiseDataMgr\NoiseDataMgr.csproj", "{AF8AF8E2-7662-4F81-BBB9-B6E828ABD21D}"
EndProject
Project("{FAE04EC0-301F-11D3-BF4B-00C04F79EFBC}") = "NoiseGroupMgr", "NoiseGroupMgr\NoiseGroupMgr.csproj", "{6B71722E-E09F-417A-8D76-9E6941453FC6}"
EndProject
Project("{8BC9CEB8-8B4A-11D0-8D11-00A0C91BC942}") = "SQLite3", "SQLite3\SQLite3.vcxproj", "{8DC8CE96-9B23-41C3-BDF5-C24BCF072FF3}"
EndProject
Project("{FAE04EC0-301F-11D3-BF4B-00C04F79EFBC}") = "UniversalTerParm", "UniversalTerParm\UniversalTerParm.csproj", "{950E97A0-8ACB-4ADB-BCD4-680945253386}"
EndProject
Project("{FAE04EC0-301F-11D3-BF4B-00C04F79EFBC}") = "UniversalTerMgr", "UniversalTerMgr\UniversalTerMgr.csproj", "{68C2F608-9553-463D-B638-EC636C6CA59C}"
EndProject
Project("{FAE04EC0-301F-11D3-BF4B-00C04F79EFBC}") = "GCGPRSService", "GCGPRSService\GCGPRSService.csproj", "{33D5EE9A-F802-47CD-A0C4-9EABB0898B8B}"
EndProject
Project("{54435603-DBB4-11D2-8724-00A0C9A8B90C}") = "GPRSServiceSetup", "GPRSServiceSetup\GPRSServiceSetup.vdproj", "{17C76E92-64EF-48F6-AA23-D3604045821F}"
EndProject
Project("{FAE04EC0-301F-11D3-BF4B-00C04F79EFBC}") = "GPRSServiceUI", "GPRSServiceUI\GPRSServiceUI.csproj", "{F989AEFA-CDDB-46E0-9777-1E159EDC7388}"
EndProject
Project("{FAE04EC0-301F-11D3-BF4B-00C04F79EFBC}") = "BLL", "BLL\BLL.csproj", "{3740C324-4DD9-4F69-8256-F6A521A660CC}"
EndProject
Project("{FAE04EC0-301F-11D3-BF4B-00C04F79EFBC}") = "DAL", "DAL\DAL.csproj", "{D326C558-CBC4-40DA-A839-D7A1B2709A55}"
EndProject
Global
	GlobalSection(SolutionConfigurationPlatforms) = preSolution
		Debug|Any CPU = Debug|Any CPU
		Debug|Mixed Platforms = Debug|Mixed Platforms
		Debug|Win32 = Debug|Win32
		Debug|x86 = Debug|x86
		Release|Any CPU = Release|Any CPU
		Release|Mixed Platforms = Release|Mixed Platforms
		Release|Win32 = Release|Win32
		Release|x86 = Release|x86
	EndGlobalSection
	GlobalSection(ProjectConfigurationPlatforms) = postSolution
		{FCE87823-4C94-4B67-9665-82479F23DDD1}.Debug|Any CPU.ActiveCfg = Debug|x86
		{FCE87823-4C94-4B67-9665-82479F23DDD1}.Debug|Mixed Platforms.ActiveCfg = Debug|x86
		{FCE87823-4C94-4B67-9665-82479F23DDD1}.Debug|Mixed Platforms.Build.0 = Debug|x86
		{FCE87823-4C94-4B67-9665-82479F23DDD1}.Debug|Win32.ActiveCfg = Debug|x86
		{FCE87823-4C94-4B67-9665-82479F23DDD1}.Debug|x86.ActiveCfg = Debug|x86
		{FCE87823-4C94-4B67-9665-82479F23DDD1}.Debug|x86.Build.0 = Debug|x86
		{FCE87823-4C94-4B67-9665-82479F23DDD1}.Release|Any CPU.ActiveCfg = Release|x86
		{FCE87823-4C94-4B67-9665-82479F23DDD1}.Release|Mixed Platforms.ActiveCfg = Release|x86
		{FCE87823-4C94-4B67-9665-82479F23DDD1}.Release|Mixed Platforms.Build.0 = Release|x86
		{FCE87823-4C94-4B67-9665-82479F23DDD1}.Release|Win32.ActiveCfg = Release|x86
		{FCE87823-4C94-4B67-9665-82479F23DDD1}.Release|x86.ActiveCfg = Release|x86
		{FCE87823-4C94-4B67-9665-82479F23DDD1}.Release|x86.Build.0 = Release|x86
		{3BB68F7C-6C07-4890-9851-C73CE00C17F5}.Debug|Any CPU.ActiveCfg = Debug|Any CPU
		{3BB68F7C-6C07-4890-9851-C73CE00C17F5}.Debug|Any CPU.Build.0 = Debug|Any CPU
		{3BB68F7C-6C07-4890-9851-C73CE00C17F5}.Debug|Mixed Platforms.ActiveCfg = Debug|Any CPU
		{3BB68F7C-6C07-4890-9851-C73CE00C17F5}.Debug|Mixed Platforms.Build.0 = Debug|Any CPU
		{3BB68F7C-6C07-4890-9851-C73CE00C17F5}.Debug|Win32.ActiveCfg = Debug|Any CPU
		{3BB68F7C-6C07-4890-9851-C73CE00C17F5}.Debug|x86.ActiveCfg = Debug|Any CPU
		{3BB68F7C-6C07-4890-9851-C73CE00C17F5}.Debug|x86.Build.0 = Debug|Any CPU
		{3BB68F7C-6C07-4890-9851-C73CE00C17F5}.Release|Any CPU.ActiveCfg = Release|Any CPU
		{3BB68F7C-6C07-4890-9851-C73CE00C17F5}.Release|Any CPU.Build.0 = Release|Any CPU
		{3BB68F7C-6C07-4890-9851-C73CE00C17F5}.Release|Mixed Platforms.ActiveCfg = Release|Any CPU
		{3BB68F7C-6C07-4890-9851-C73CE00C17F5}.Release|Mixed Platforms.Build.0 = Release|Any CPU
		{3BB68F7C-6C07-4890-9851-C73CE00C17F5}.Release|Win32.ActiveCfg = Release|Any CPU
		{3BB68F7C-6C07-4890-9851-C73CE00C17F5}.Release|x86.ActiveCfg = Release|Any CPU
		{BB39153E-4B1E-48B3-8790-F4461D4B238B}.Debug|Any CPU.ActiveCfg = Debug|Any CPU
		{BB39153E-4B1E-48B3-8790-F4461D4B238B}.Debug|Any CPU.Build.0 = Debug|Any CPU
		{BB39153E-4B1E-48B3-8790-F4461D4B238B}.Debug|Mixed Platforms.ActiveCfg = Debug|Any CPU
		{BB39153E-4B1E-48B3-8790-F4461D4B238B}.Debug|Mixed Platforms.Build.0 = Debug|Any CPU
		{BB39153E-4B1E-48B3-8790-F4461D4B238B}.Debug|Win32.ActiveCfg = Debug|Any CPU
		{BB39153E-4B1E-48B3-8790-F4461D4B238B}.Debug|x86.ActiveCfg = Debug|Any CPU
		{BB39153E-4B1E-48B3-8790-F4461D4B238B}.Debug|x86.Build.0 = Debug|Any CPU
		{BB39153E-4B1E-48B3-8790-F4461D4B238B}.Release|Any CPU.ActiveCfg = Release|Any CPU
		{BB39153E-4B1E-48B3-8790-F4461D4B238B}.Release|Any CPU.Build.0 = Release|Any CPU
		{BB39153E-4B1E-48B3-8790-F4461D4B238B}.Release|Mixed Platforms.ActiveCfg = Release|Any CPU
		{BB39153E-4B1E-48B3-8790-F4461D4B238B}.Release|Mixed Platforms.Build.0 = Release|Any CPU
		{BB39153E-4B1E-48B3-8790-F4461D4B238B}.Release|Win32.ActiveCfg = Release|Any CPU
		{BB39153E-4B1E-48B3-8790-F4461D4B238B}.Release|x86.ActiveCfg = Release|Any CPU
		{CBDF6FF1-FDC4-42BE-A21A-A5559DC20F6F}.Debug|Any CPU.ActiveCfg = Debug|Any CPU
		{CBDF6FF1-FDC4-42BE-A21A-A5559DC20F6F}.Debug|Any CPU.Build.0 = Debug|Any CPU
		{CBDF6FF1-FDC4-42BE-A21A-A5559DC20F6F}.Debug|Mixed Platforms.ActiveCfg = Debug|Any CPU
		{CBDF6FF1-FDC4-42BE-A21A-A5559DC20F6F}.Debug|Mixed Platforms.Build.0 = Debug|Any CPU
		{CBDF6FF1-FDC4-42BE-A21A-A5559DC20F6F}.Debug|Win32.ActiveCfg = Debug|Any CPU
		{CBDF6FF1-FDC4-42BE-A21A-A5559DC20F6F}.Debug|x86.ActiveCfg = Debug|Any CPU
		{CBDF6FF1-FDC4-42BE-A21A-A5559DC20F6F}.Debug|x86.Build.0 = Debug|Any CPU
		{CBDF6FF1-FDC4-42BE-A21A-A5559DC20F6F}.Release|Any CPU.ActiveCfg = Release|Any CPU
		{CBDF6FF1-FDC4-42BE-A21A-A5559DC20F6F}.Release|Any CPU.Build.0 = Release|Any CPU
		{CBDF6FF1-FDC4-42BE-A21A-A5559DC20F6F}.Release|Mixed Platforms.ActiveCfg = Release|Any CPU
		{CBDF6FF1-FDC4-42BE-A21A-A5559DC20F6F}.Release|Mixed Platforms.Build.0 = Release|Any CPU
		{CBDF6FF1-FDC4-42BE-A21A-A5559DC20F6F}.Release|Win32.ActiveCfg = Release|Any CPU
		{CBDF6FF1-FDC4-42BE-A21A-A5559DC20F6F}.Release|x86.ActiveCfg = Release|Any CPU
		{B0B78C14-5D2B-4FC3-BDC8-05FFD4CF4CCC}.Debug|Any CPU.ActiveCfg = Debug|x86
		{B0B78C14-5D2B-4FC3-BDC8-05FFD4CF4CCC}.Debug|Mixed Platforms.ActiveCfg = Debug|x86
		{B0B78C14-5D2B-4FC3-BDC8-05FFD4CF4CCC}.Debug|Win32.ActiveCfg = Debug|x86
		{B0B78C14-5D2B-4FC3-BDC8-05FFD4CF4CCC}.Debug|x86.ActiveCfg = Debug|x86
		{B0B78C14-5D2B-4FC3-BDC8-05FFD4CF4CCC}.Release|Any CPU.ActiveCfg = Release|x86
		{B0B78C14-5D2B-4FC3-BDC8-05FFD4CF4CCC}.Release|Mixed Platforms.ActiveCfg = Release|x86
		{B0B78C14-5D2B-4FC3-BDC8-05FFD4CF4CCC}.Release|Mixed Platforms.Build.0 = Release|x86
		{B0B78C14-5D2B-4FC3-BDC8-05FFD4CF4CCC}.Release|Win32.ActiveCfg = Release|x86
		{B0B78C14-5D2B-4FC3-BDC8-05FFD4CF4CCC}.Release|x86.ActiveCfg = Release|x86
		{B0B78C14-5D2B-4FC3-BDC8-05FFD4CF4CCC}.Release|x86.Build.0 = Release|x86
		{90961DF0-F83E-4015-953E-C9D68FB5577A}.Debug|Any CPU.ActiveCfg = Debug
		{90961DF0-F83E-4015-953E-C9D68FB5577A}.Debug|Mixed Platforms.ActiveCfg = Debug
		{90961DF0-F83E-4015-953E-C9D68FB5577A}.Debug|Win32.ActiveCfg = Debug
		{90961DF0-F83E-4015-953E-C9D68FB5577A}.Debug|Win32.Build.0 = Debug
		{90961DF0-F83E-4015-953E-C9D68FB5577A}.Debug|x86.ActiveCfg = Debug
		{90961DF0-F83E-4015-953E-C9D68FB5577A}.Release|Any CPU.ActiveCfg = Release
		{90961DF0-F83E-4015-953E-C9D68FB5577A}.Release|Mixed Platforms.ActiveCfg = Release
		{90961DF0-F83E-4015-953E-C9D68FB5577A}.Release|Win32.ActiveCfg = Release
		{90961DF0-F83E-4015-953E-C9D68FB5577A}.Release|Win32.Build.0 = Release
		{90961DF0-F83E-4015-953E-C9D68FB5577A}.Release|x86.ActiveCfg = Release
		{A73A7A63-11C8-40BC-AA44-0ACD23F00A0B}.Debug|Any CPU.ActiveCfg = Debug|Any CPU
		{A73A7A63-11C8-40BC-AA44-0ACD23F00A0B}.Debug|Any CPU.Build.0 = Debug|Any CPU
		{A73A7A63-11C8-40BC-AA44-0ACD23F00A0B}.Debug|Mixed Platforms.ActiveCfg = Debug|Any CPU
		{A73A7A63-11C8-40BC-AA44-0ACD23F00A0B}.Debug|Mixed Platforms.Build.0 = Debug|Any CPU
		{A73A7A63-11C8-40BC-AA44-0ACD23F00A0B}.Debug|Win32.ActiveCfg = Debug|Any CPU
		{A73A7A63-11C8-40BC-AA44-0ACD23F00A0B}.Debug|x86.ActiveCfg = Debug|Any CPU
		{A73A7A63-11C8-40BC-AA44-0ACD23F00A0B}.Debug|x86.Build.0 = Debug|Any CPU
		{A73A7A63-11C8-40BC-AA44-0ACD23F00A0B}.Release|Any CPU.ActiveCfg = Release|Any CPU
		{A73A7A63-11C8-40BC-AA44-0ACD23F00A0B}.Release|Any CPU.Build.0 = Release|Any CPU
		{A73A7A63-11C8-40BC-AA44-0ACD23F00A0B}.Release|Mixed Platforms.ActiveCfg = Release|Any CPU
		{A73A7A63-11C8-40BC-AA44-0ACD23F00A0B}.Release|Mixed Platforms.Build.0 = Release|Any CPU
		{A73A7A63-11C8-40BC-AA44-0ACD23F00A0B}.Release|Win32.ActiveCfg = Release|Any CPU
		{A73A7A63-11C8-40BC-AA44-0ACD23F00A0B}.Release|x86.ActiveCfg = Release|Any CPU
		{8744926E-0AF2-4F41-81D3-98004974856B}.Debug|Any CPU.ActiveCfg = Debug|Any CPU
		{8744926E-0AF2-4F41-81D3-98004974856B}.Debug|Any CPU.Build.0 = Debug|Any CPU
		{8744926E-0AF2-4F41-81D3-98004974856B}.Debug|Mixed Platforms.ActiveCfg = Debug|Any CPU
		{8744926E-0AF2-4F41-81D3-98004974856B}.Debug|Mixed Platforms.Build.0 = Debug|Any CPU
		{8744926E-0AF2-4F41-81D3-98004974856B}.Debug|Win32.ActiveCfg = Debug|Any CPU
		{8744926E-0AF2-4F41-81D3-98004974856B}.Debug|x86.ActiveCfg = Debug|Any CPU
		{8744926E-0AF2-4F41-81D3-98004974856B}.Release|Any CPU.ActiveCfg = Release|Any CPU
		{8744926E-0AF2-4F41-81D3-98004974856B}.Release|Any CPU.Build.0 = Release|Any CPU
		{8744926E-0AF2-4F41-81D3-98004974856B}.Release|Mixed Platforms.ActiveCfg = Release|Any CPU
		{8744926E-0AF2-4F41-81D3-98004974856B}.Release|Mixed Platforms.Build.0 = Release|Any CPU
		{8744926E-0AF2-4F41-81D3-98004974856B}.Release|Win32.ActiveCfg = Release|Any CPU
		{8744926E-0AF2-4F41-81D3-98004974856B}.Release|x86.ActiveCfg = Release|Any CPU
		{8A4C67CC-EDF4-4AD7-9C8A-A8148C17999E}.Debug|Any CPU.ActiveCfg = Debug|Any CPU
		{8A4C67CC-EDF4-4AD7-9C8A-A8148C17999E}.Debug|Any CPU.Build.0 = Debug|Any CPU
		{8A4C67CC-EDF4-4AD7-9C8A-A8148C17999E}.Debug|Mixed Platforms.ActiveCfg = Debug|Any CPU
		{8A4C67CC-EDF4-4AD7-9C8A-A8148C17999E}.Debug|Mixed Platforms.Build.0 = Debug|Any CPU
		{8A4C67CC-EDF4-4AD7-9C8A-A8148C17999E}.Debug|Win32.ActiveCfg = Debug|Any CPU
		{8A4C67CC-EDF4-4AD7-9C8A-A8148C17999E}.Debug|x86.ActiveCfg = Debug|Any CPU
		{8A4C67CC-EDF4-4AD7-9C8A-A8148C17999E}.Release|Any CPU.ActiveCfg = Release|Any CPU
		{8A4C67CC-EDF4-4AD7-9C8A-A8148C17999E}.Release|Any CPU.Build.0 = Release|Any CPU
		{8A4C67CC-EDF4-4AD7-9C8A-A8148C17999E}.Release|Mixed Platforms.ActiveCfg = Release|Any CPU
		{8A4C67CC-EDF4-4AD7-9C8A-A8148C17999E}.Release|Mixed Platforms.Build.0 = Release|Any CPU
		{8A4C67CC-EDF4-4AD7-9C8A-A8148C17999E}.Release|Win32.ActiveCfg = Release|Any CPU
		{8A4C67CC-EDF4-4AD7-9C8A-A8148C17999E}.Release|x86.ActiveCfg = Release|Any CPU
		{EFD170E0-EA31-45F7-807F-46791484D2D4}.Debug|Any CPU.ActiveCfg = Debug|Any CPU
		{EFD170E0-EA31-45F7-807F-46791484D2D4}.Debug|Any CPU.Build.0 = Debug|Any CPU
		{EFD170E0-EA31-45F7-807F-46791484D2D4}.Debug|Mixed Platforms.ActiveCfg = Debug|Any CPU
		{EFD170E0-EA31-45F7-807F-46791484D2D4}.Debug|Mixed Platforms.Build.0 = Debug|Any CPU
		{EFD170E0-EA31-45F7-807F-46791484D2D4}.Debug|Win32.ActiveCfg = Debug|Any CPU
		{EFD170E0-EA31-45F7-807F-46791484D2D4}.Debug|x86.ActiveCfg = Debug|Any CPU
		{EFD170E0-EA31-45F7-807F-46791484D2D4}.Release|Any CPU.ActiveCfg = Release|Any CPU
		{EFD170E0-EA31-45F7-807F-46791484D2D4}.Release|Any CPU.Build.0 = Release|Any CPU
		{EFD170E0-EA31-45F7-807F-46791484D2D4}.Release|Mixed Platforms.ActiveCfg = Release|Any CPU
		{EFD170E0-EA31-45F7-807F-46791484D2D4}.Release|Mixed Platforms.Build.0 = Release|Any CPU
		{EFD170E0-EA31-45F7-807F-46791484D2D4}.Release|Win32.ActiveCfg = Release|Any CPU
		{EFD170E0-EA31-45F7-807F-46791484D2D4}.Release|x86.ActiveCfg = Release|Any CPU
		{1B23425E-3641-4B88-BD76-971C12C03713}.Debug|Any CPU.ActiveCfg = Debug|Any CPU
		{1B23425E-3641-4B88-BD76-971C12C03713}.Debug|Any CPU.Build.0 = Debug|Any CPU
		{1B23425E-3641-4B88-BD76-971C12C03713}.Debug|Mixed Platforms.ActiveCfg = Debug|Any CPU
		{1B23425E-3641-4B88-BD76-971C12C03713}.Debug|Mixed Platforms.Build.0 = Debug|Any CPU
		{1B23425E-3641-4B88-BD76-971C12C03713}.Debug|Win32.ActiveCfg = Debug|Any CPU
		{1B23425E-3641-4B88-BD76-971C12C03713}.Debug|x86.ActiveCfg = Debug|Any CPU
		{1B23425E-3641-4B88-BD76-971C12C03713}.Release|Any CPU.ActiveCfg = Release|Any CPU
		{1B23425E-3641-4B88-BD76-971C12C03713}.Release|Any CPU.Build.0 = Release|Any CPU
		{1B23425E-3641-4B88-BD76-971C12C03713}.Release|Mixed Platforms.ActiveCfg = Release|Any CPU
		{1B23425E-3641-4B88-BD76-971C12C03713}.Release|Mixed Platforms.Build.0 = Release|Any CPU
		{1B23425E-3641-4B88-BD76-971C12C03713}.Release|Win32.ActiveCfg = Release|Any CPU
		{1B23425E-3641-4B88-BD76-971C12C03713}.Release|x86.ActiveCfg = Release|Any CPU
		{B67DCBA3-3945-4245-A44F-1ED35E76BAE2}.Debug|Any CPU.ActiveCfg = Debug|Any CPU
		{B67DCBA3-3945-4245-A44F-1ED35E76BAE2}.Debug|Any CPU.Build.0 = Debug|Any CPU
		{B67DCBA3-3945-4245-A44F-1ED35E76BAE2}.Debug|Mixed Platforms.ActiveCfg = Debug|Any CPU
		{B67DCBA3-3945-4245-A44F-1ED35E76BAE2}.Debug|Mixed Platforms.Build.0 = Debug|Any CPU
		{B67DCBA3-3945-4245-A44F-1ED35E76BAE2}.Debug|Win32.ActiveCfg = Debug|Any CPU
		{B67DCBA3-3945-4245-A44F-1ED35E76BAE2}.Debug|x86.ActiveCfg = Debug|Any CPU
		{B67DCBA3-3945-4245-A44F-1ED35E76BAE2}.Release|Any CPU.ActiveCfg = Release|Any CPU
		{B67DCBA3-3945-4245-A44F-1ED35E76BAE2}.Release|Any CPU.Build.0 = Release|Any CPU
		{B67DCBA3-3945-4245-A44F-1ED35E76BAE2}.Release|Mixed Platforms.ActiveCfg = Release|Any CPU
		{B67DCBA3-3945-4245-A44F-1ED35E76BAE2}.Release|Mixed Platforms.Build.0 = Release|Any CPU
		{B67DCBA3-3945-4245-A44F-1ED35E76BAE2}.Release|Win32.ActiveCfg = Release|Any CPU
		{B67DCBA3-3945-4245-A44F-1ED35E76BAE2}.Release|x86.ActiveCfg = Release|Any CPU
		{7289EE4B-D27F-4C92-BCE2-B599D8DA4127}.Debug|Any CPU.ActiveCfg = Debug|Any CPU
		{7289EE4B-D27F-4C92-BCE2-B599D8DA4127}.Debug|Any CPU.Build.0 = Debug|Any CPU
		{7289EE4B-D27F-4C92-BCE2-B599D8DA4127}.Debug|Mixed Platforms.ActiveCfg = Debug|Any CPU
		{7289EE4B-D27F-4C92-BCE2-B599D8DA4127}.Debug|Mixed Platforms.Build.0 = Debug|Any CPU
		{7289EE4B-D27F-4C92-BCE2-B599D8DA4127}.Debug|Win32.ActiveCfg = Debug|Any CPU
		{7289EE4B-D27F-4C92-BCE2-B599D8DA4127}.Debug|x86.ActiveCfg = Debug|Any CPU
		{7289EE4B-D27F-4C92-BCE2-B599D8DA4127}.Release|Any CPU.ActiveCfg = Release|Any CPU
		{7289EE4B-D27F-4C92-BCE2-B599D8DA4127}.Release|Any CPU.Build.0 = Release|Any CPU
		{7289EE4B-D27F-4C92-BCE2-B599D8DA4127}.Release|Mixed Platforms.ActiveCfg = Release|Any CPU
		{7289EE4B-D27F-4C92-BCE2-B599D8DA4127}.Release|Mixed Platforms.Build.0 = Release|Any CPU
		{7289EE4B-D27F-4C92-BCE2-B599D8DA4127}.Release|Win32.ActiveCfg = Release|Any CPU
		{7289EE4B-D27F-4C92-BCE2-B599D8DA4127}.Release|x86.ActiveCfg = Release|Any CPU
		{CFE8708A-7EB0-45D8-BD79-0EDCCA20E94F}.Debug|Any CPU.ActiveCfg = Debug|Any CPU
		{CFE8708A-7EB0-45D8-BD79-0EDCCA20E94F}.Debug|Any CPU.Build.0 = Debug|Any CPU
		{CFE8708A-7EB0-45D8-BD79-0EDCCA20E94F}.Debug|Mixed Platforms.ActiveCfg = Debug|Any CPU
		{CFE8708A-7EB0-45D8-BD79-0EDCCA20E94F}.Debug|Mixed Platforms.Build.0 = Debug|Any CPU
		{CFE8708A-7EB0-45D8-BD79-0EDCCA20E94F}.Debug|Win32.ActiveCfg = Debug|Any CPU
		{CFE8708A-7EB0-45D8-BD79-0EDCCA20E94F}.Debug|x86.ActiveCfg = Debug|Any CPU
		{CFE8708A-7EB0-45D8-BD79-0EDCCA20E94F}.Release|Any CPU.ActiveCfg = Release|Any CPU
		{CFE8708A-7EB0-45D8-BD79-0EDCCA20E94F}.Release|Any CPU.Build.0 = Release|Any CPU
		{CFE8708A-7EB0-45D8-BD79-0EDCCA20E94F}.Release|Mixed Platforms.ActiveCfg = Release|Any CPU
		{CFE8708A-7EB0-45D8-BD79-0EDCCA20E94F}.Release|Mixed Platforms.Build.0 = Release|Any CPU
		{CFE8708A-7EB0-45D8-BD79-0EDCCA20E94F}.Release|Win32.ActiveCfg = Release|Any CPU
		{CFE8708A-7EB0-45D8-BD79-0EDCCA20E94F}.Release|x86.ActiveCfg = Release|Any CPU
		{F7910E06-3FEB-4D0C-976F-70285B06E90C}.Debug|Any CPU.ActiveCfg = Debug|Any CPU
		{F7910E06-3FEB-4D0C-976F-70285B06E90C}.Debug|Any CPU.Build.0 = Debug|Any CPU
		{F7910E06-3FEB-4D0C-976F-70285B06E90C}.Debug|Mixed Platforms.ActiveCfg = Debug|Any CPU
		{F7910E06-3FEB-4D0C-976F-70285B06E90C}.Debug|Mixed Platforms.Build.0 = Debug|Any CPU
		{F7910E06-3FEB-4D0C-976F-70285B06E90C}.Debug|Win32.ActiveCfg = Debug|Any CPU
		{F7910E06-3FEB-4D0C-976F-70285B06E90C}.Debug|x86.ActiveCfg = Debug|Any CPU
		{F7910E06-3FEB-4D0C-976F-70285B06E90C}.Release|Any CPU.ActiveCfg = Release|Any CPU
		{F7910E06-3FEB-4D0C-976F-70285B06E90C}.Release|Any CPU.Build.0 = Release|Any CPU
		{F7910E06-3FEB-4D0C-976F-70285B06E90C}.Release|Mixed Platforms.ActiveCfg = Release|Any CPU
		{F7910E06-3FEB-4D0C-976F-70285B06E90C}.Release|Mixed Platforms.Build.0 = Release|Any CPU
		{F7910E06-3FEB-4D0C-976F-70285B06E90C}.Release|Win32.ActiveCfg = Release|Any CPU
		{F7910E06-3FEB-4D0C-976F-70285B06E90C}.Release|x86.ActiveCfg = Release|Any CPU
		{5701E610-ECA4-4EF5-8475-038C59F4D557}.Debug|Any CPU.ActiveCfg = Debug|Any CPU
		{5701E610-ECA4-4EF5-8475-038C59F4D557}.Debug|Any CPU.Build.0 = Debug|Any CPU
		{5701E610-ECA4-4EF5-8475-038C59F4D557}.Debug|Mixed Platforms.ActiveCfg = Debug|Any CPU
		{5701E610-ECA4-4EF5-8475-038C59F4D557}.Debug|Mixed Platforms.Build.0 = Debug|Any CPU
		{5701E610-ECA4-4EF5-8475-038C59F4D557}.Debug|Win32.ActiveCfg = Debug|Any CPU
		{5701E610-ECA4-4EF5-8475-038C59F4D557}.Debug|x86.ActiveCfg = Debug|Any CPU
		{5701E610-ECA4-4EF5-8475-038C59F4D557}.Release|Any CPU.ActiveCfg = Release|Any CPU
		{5701E610-ECA4-4EF5-8475-038C59F4D557}.Release|Any CPU.Build.0 = Release|Any CPU
		{5701E610-ECA4-4EF5-8475-038C59F4D557}.Release|Mixed Platforms.ActiveCfg = Release|Any CPU
		{5701E610-ECA4-4EF5-8475-038C59F4D557}.Release|Mixed Platforms.Build.0 = Release|Any CPU
		{5701E610-ECA4-4EF5-8475-038C59F4D557}.Release|Win32.ActiveCfg = Release|Any CPU
		{5701E610-ECA4-4EF5-8475-038C59F4D557}.Release|x86.ActiveCfg = Release|Any CPU
		{0150D7FD-CC7E-40C0-97D5-80457FD1BB1B}.Debug|Any CPU.ActiveCfg = Debug|Any CPU
		{0150D7FD-CC7E-40C0-97D5-80457FD1BB1B}.Debug|Any CPU.Build.0 = Debug|Any CPU
		{0150D7FD-CC7E-40C0-97D5-80457FD1BB1B}.Debug|Mixed Platforms.ActiveCfg = Debug|Any CPU
		{0150D7FD-CC7E-40C0-97D5-80457FD1BB1B}.Debug|Mixed Platforms.Build.0 = Debug|Any CPU
		{0150D7FD-CC7E-40C0-97D5-80457FD1BB1B}.Debug|Win32.ActiveCfg = Debug|Any CPU
		{0150D7FD-CC7E-40C0-97D5-80457FD1BB1B}.Debug|x86.ActiveCfg = Debug|Any CPU
		{0150D7FD-CC7E-40C0-97D5-80457FD1BB1B}.Release|Any CPU.ActiveCfg = Release|Any CPU
		{0150D7FD-CC7E-40C0-97D5-80457FD1BB1B}.Release|Any CPU.Build.0 = Release|Any CPU
		{0150D7FD-CC7E-40C0-97D5-80457FD1BB1B}.Release|Mixed Platforms.ActiveCfg = Release|Any CPU
		{0150D7FD-CC7E-40C0-97D5-80457FD1BB1B}.Release|Mixed Platforms.Build.0 = Release|Any CPU
		{0150D7FD-CC7E-40C0-97D5-80457FD1BB1B}.Release|Win32.ActiveCfg = Release|Any CPU
		{0150D7FD-CC7E-40C0-97D5-80457FD1BB1B}.Release|x86.ActiveCfg = Release|Any CPU
		{8CFF5DBD-3C8F-4817-BC49-35AC5CEC1A56}.Debug|Any CPU.ActiveCfg = Debug|Any CPU
		{8CFF5DBD-3C8F-4817-BC49-35AC5CEC1A56}.Debug|Any CPU.Build.0 = Debug|Any CPU
		{8CFF5DBD-3C8F-4817-BC49-35AC5CEC1A56}.Debug|Mixed Platforms.ActiveCfg = Debug|Any CPU
		{8CFF5DBD-3C8F-4817-BC49-35AC5CEC1A56}.Debug|Mixed Platforms.Build.0 = Debug|Any CPU
		{8CFF5DBD-3C8F-4817-BC49-35AC5CEC1A56}.Debug|Win32.ActiveCfg = Debug|Any CPU
		{8CFF5DBD-3C8F-4817-BC49-35AC5CEC1A56}.Debug|x86.ActiveCfg = Debug|Any CPU
		{8CFF5DBD-3C8F-4817-BC49-35AC5CEC1A56}.Release|Any CPU.ActiveCfg = Release|Any CPU
		{8CFF5DBD-3C8F-4817-BC49-35AC5CEC1A56}.Release|Any CPU.Build.0 = Release|Any CPU
		{8CFF5DBD-3C8F-4817-BC49-35AC5CEC1A56}.Release|Mixed Platforms.ActiveCfg = Release|Any CPU
		{8CFF5DBD-3C8F-4817-BC49-35AC5CEC1A56}.Release|Mixed Platforms.Build.0 = Release|Any CPU
		{8CFF5DBD-3C8F-4817-BC49-35AC5CEC1A56}.Release|Win32.ActiveCfg = Release|Any CPU
		{8CFF5DBD-3C8F-4817-BC49-35AC5CEC1A56}.Release|x86.ActiveCfg = Release|Any CPU
		{73C5ED59-BB50-47C0-97CC-43F82BCA3BA4}.Debug|Any CPU.ActiveCfg = Debug|Any CPU
		{73C5ED59-BB50-47C0-97CC-43F82BCA3BA4}.Debug|Any CPU.Build.0 = Debug|Any CPU
		{73C5ED59-BB50-47C0-97CC-43F82BCA3BA4}.Debug|Mixed Platforms.ActiveCfg = Debug|Any CPU
		{73C5ED59-BB50-47C0-97CC-43F82BCA3BA4}.Debug|Mixed Platforms.Build.0 = Debug|Any CPU
		{73C5ED59-BB50-47C0-97CC-43F82BCA3BA4}.Debug|Win32.ActiveCfg = Debug|Any CPU
		{73C5ED59-BB50-47C0-97CC-43F82BCA3BA4}.Debug|x86.ActiveCfg = Debug|Any CPU
		{73C5ED59-BB50-47C0-97CC-43F82BCA3BA4}.Release|Any CPU.ActiveCfg = Release|Any CPU
		{73C5ED59-BB50-47C0-97CC-43F82BCA3BA4}.Release|Any CPU.Build.0 = Release|Any CPU
		{73C5ED59-BB50-47C0-97CC-43F82BCA3BA4}.Release|Mixed Platforms.ActiveCfg = Release|Any CPU
		{73C5ED59-BB50-47C0-97CC-43F82BCA3BA4}.Release|Mixed Platforms.Build.0 = Release|Any CPU
		{73C5ED59-BB50-47C0-97CC-43F82BCA3BA4}.Release|Win32.ActiveCfg = Release|Any CPU
		{73C5ED59-BB50-47C0-97CC-43F82BCA3BA4}.Release|x86.ActiveCfg = Release|Any CPU
		{AF8AF8E2-7662-4F81-BBB9-B6E828ABD21D}.Debug|Any CPU.ActiveCfg = Debug|Any CPU
		{AF8AF8E2-7662-4F81-BBB9-B6E828ABD21D}.Debug|Any CPU.Build.0 = Debug|Any CPU
		{AF8AF8E2-7662-4F81-BBB9-B6E828ABD21D}.Debug|Mixed Platforms.ActiveCfg = Debug|Any CPU
		{AF8AF8E2-7662-4F81-BBB9-B6E828ABD21D}.Debug|Mixed Platforms.Build.0 = Debug|Any CPU
		{AF8AF8E2-7662-4F81-BBB9-B6E828ABD21D}.Debug|Win32.ActiveCfg = Debug|Any CPU
		{AF8AF8E2-7662-4F81-BBB9-B6E828ABD21D}.Debug|x86.ActiveCfg = Debug|Any CPU
		{AF8AF8E2-7662-4F81-BBB9-B6E828ABD21D}.Release|Any CPU.ActiveCfg = Release|Any CPU
		{AF8AF8E2-7662-4F81-BBB9-B6E828ABD21D}.Release|Any CPU.Build.0 = Release|Any CPU
		{AF8AF8E2-7662-4F81-BBB9-B6E828ABD21D}.Release|Mixed Platforms.ActiveCfg = Release|Any CPU
		{AF8AF8E2-7662-4F81-BBB9-B6E828ABD21D}.Release|Mixed Platforms.Build.0 = Release|Any CPU
		{AF8AF8E2-7662-4F81-BBB9-B6E828ABD21D}.Release|Win32.ActiveCfg = Release|Any CPU
		{AF8AF8E2-7662-4F81-BBB9-B6E828ABD21D}.Release|x86.ActiveCfg = Release|Any CPU
		{6B71722E-E09F-417A-8D76-9E6941453FC6}.Debug|Any CPU.ActiveCfg = Debug|Any CPU
		{6B71722E-E09F-417A-8D76-9E6941453FC6}.Debug|Any CPU.Build.0 = Debug|Any CPU
		{6B71722E-E09F-417A-8D76-9E6941453FC6}.Debug|Mixed Platforms.ActiveCfg = Debug|Any CPU
		{6B71722E-E09F-417A-8D76-9E6941453FC6}.Debug|Mixed Platforms.Build.0 = Debug|Any CPU
		{6B71722E-E09F-417A-8D76-9E6941453FC6}.Debug|Win32.ActiveCfg = Debug|Any CPU
		{6B71722E-E09F-417A-8D76-9E6941453FC6}.Debug|x86.ActiveCfg = Debug|Any CPU
		{6B71722E-E09F-417A-8D76-9E6941453FC6}.Release|Any CPU.ActiveCfg = Release|Any CPU
		{6B71722E-E09F-417A-8D76-9E6941453FC6}.Release|Any CPU.Build.0 = Release|Any CPU
		{6B71722E-E09F-417A-8D76-9E6941453FC6}.Release|Mixed Platforms.ActiveCfg = Release|Any CPU
		{6B71722E-E09F-417A-8D76-9E6941453FC6}.Release|Mixed Platforms.Build.0 = Release|Any CPU
		{6B71722E-E09F-417A-8D76-9E6941453FC6}.Release|Win32.ActiveCfg = Release|Any CPU
		{6B71722E-E09F-417A-8D76-9E6941453FC6}.Release|x86.ActiveCfg = Release|Any CPU
		{8DC8CE96-9B23-41C3-BDF5-C24BCF072FF3}.Debug|Any CPU.ActiveCfg = Debug|Win32
		{8DC8CE96-9B23-41C3-BDF5-C24BCF072FF3}.Debug|Mixed Platforms.ActiveCfg = Debug|Win32
		{8DC8CE96-9B23-41C3-BDF5-C24BCF072FF3}.Debug|Mixed Platforms.Build.0 = Debug|Win32
		{8DC8CE96-9B23-41C3-BDF5-C24BCF072FF3}.Debug|Win32.ActiveCfg = Debug|Win32
		{8DC8CE96-9B23-41C3-BDF5-C24BCF072FF3}.Debug|Win32.Build.0 = Debug|Win32
		{8DC8CE96-9B23-41C3-BDF5-C24BCF072FF3}.Debug|x86.ActiveCfg = Debug|Win32
		{8DC8CE96-9B23-41C3-BDF5-C24BCF072FF3}.Release|Any CPU.ActiveCfg = Release|Win32
		{8DC8CE96-9B23-41C3-BDF5-C24BCF072FF3}.Release|Mixed Platforms.ActiveCfg = Release|Win32
		{8DC8CE96-9B23-41C3-BDF5-C24BCF072FF3}.Release|Mixed Platforms.Build.0 = Release|Win32
		{8DC8CE96-9B23-41C3-BDF5-C24BCF072FF3}.Release|Win32.ActiveCfg = Release|Win32
		{8DC8CE96-9B23-41C3-BDF5-C24BCF072FF3}.Release|Win32.Build.0 = Release|Win32
		{8DC8CE96-9B23-41C3-BDF5-C24BCF072FF3}.Release|x86.ActiveCfg = Release|Win32
		{950E97A0-8ACB-4ADB-BCD4-680945253386}.Debug|Any CPU.ActiveCfg = Debug|Any CPU
		{950E97A0-8ACB-4ADB-BCD4-680945253386}.Debug|Any CPU.Build.0 = Debug|Any CPU
		{950E97A0-8ACB-4ADB-BCD4-680945253386}.Debug|Mixed Platforms.ActiveCfg = Debug|Any CPU
		{950E97A0-8ACB-4ADB-BCD4-680945253386}.Debug|Mixed Platforms.Build.0 = Debug|Any CPU
		{950E97A0-8ACB-4ADB-BCD4-680945253386}.Debug|Win32.ActiveCfg = Debug|Any CPU
		{950E97A0-8ACB-4ADB-BCD4-680945253386}.Debug|x86.ActiveCfg = Debug|Any CPU
		{950E97A0-8ACB-4ADB-BCD4-680945253386}.Release|Any CPU.ActiveCfg = Release|Any CPU
		{950E97A0-8ACB-4ADB-BCD4-680945253386}.Release|Any CPU.Build.0 = Release|Any CPU
		{950E97A0-8ACB-4ADB-BCD4-680945253386}.Release|Mixed Platforms.ActiveCfg = Release|Any CPU
		{950E97A0-8ACB-4ADB-BCD4-680945253386}.Release|Mixed Platforms.Build.0 = Release|Any CPU
		{950E97A0-8ACB-4ADB-BCD4-680945253386}.Release|Win32.ActiveCfg = Release|Any CPU
		{950E97A0-8ACB-4ADB-BCD4-680945253386}.Release|x86.ActiveCfg = Release|Any CPU
		{68C2F608-9553-463D-B638-EC636C6CA59C}.Debug|Any CPU.ActiveCfg = Debug|Any CPU
		{68C2F608-9553-463D-B638-EC636C6CA59C}.Debug|Any CPU.Build.0 = Debug|Any CPU
		{68C2F608-9553-463D-B638-EC636C6CA59C}.Debug|Mixed Platforms.ActiveCfg = Debug|Any CPU
		{68C2F608-9553-463D-B638-EC636C6CA59C}.Debug|Mixed Platforms.Build.0 = Debug|Any CPU
		{68C2F608-9553-463D-B638-EC636C6CA59C}.Debug|Win32.ActiveCfg = Debug|Any CPU
		{68C2F608-9553-463D-B638-EC636C6CA59C}.Debug|x86.ActiveCfg = Debug|Any CPU
		{68C2F608-9553-463D-B638-EC636C6CA59C}.Release|Any CPU.ActiveCfg = Release|Any CPU
		{68C2F608-9553-463D-B638-EC636C6CA59C}.Release|Any CPU.Build.0 = Release|Any CPU
		{68C2F608-9553-463D-B638-EC636C6CA59C}.Release|Mixed Platforms.ActiveCfg = Release|Any CPU
		{68C2F608-9553-463D-B638-EC636C6CA59C}.Release|Mixed Platforms.Build.0 = Release|Any CPU
		{68C2F608-9553-463D-B638-EC636C6CA59C}.Release|Win32.ActiveCfg = Release|Any CPU
		{68C2F608-9553-463D-B638-EC636C6CA59C}.Release|x86.ActiveCfg = Release|Any CPU
		{33D5EE9A-F802-47CD-A0C4-9EABB0898B8B}.Debug|Any CPU.ActiveCfg = Debug|x86
		{33D5EE9A-F802-47CD-A0C4-9EABB0898B8B}.Debug|Mixed Platforms.ActiveCfg = Debug|x86
		{33D5EE9A-F802-47CD-A0C4-9EABB0898B8B}.Debug|Mixed Platforms.Build.0 = Debug|x86
		{33D5EE9A-F802-47CD-A0C4-9EABB0898B8B}.Debug|Win32.ActiveCfg = Debug|x86
		{33D5EE9A-F802-47CD-A0C4-9EABB0898B8B}.Debug|x86.ActiveCfg = Debug|x86
		{33D5EE9A-F802-47CD-A0C4-9EABB0898B8B}.Debug|x86.Build.0 = Debug|x86
		{33D5EE9A-F802-47CD-A0C4-9EABB0898B8B}.Release|Any CPU.ActiveCfg = Release|x86
		{33D5EE9A-F802-47CD-A0C4-9EABB0898B8B}.Release|Mixed Platforms.ActiveCfg = Release|x86
		{33D5EE9A-F802-47CD-A0C4-9EABB0898B8B}.Release|Mixed Platforms.Build.0 = Release|x86
		{33D5EE9A-F802-47CD-A0C4-9EABB0898B8B}.Release|Win32.ActiveCfg = Release|x86
		{33D5EE9A-F802-47CD-A0C4-9EABB0898B8B}.Release|x86.ActiveCfg = Release|x86
		{33D5EE9A-F802-47CD-A0C4-9EABB0898B8B}.Release|x86.Build.0 = Release|x86
		{17C76E92-64EF-48F6-AA23-D3604045821F}.Debug|Any CPU.ActiveCfg = Debug
		{17C76E92-64EF-48F6-AA23-D3604045821F}.Debug|Any CPU.Build.0 = Debug
		{17C76E92-64EF-48F6-AA23-D3604045821F}.Debug|Mixed Platforms.ActiveCfg = Debug
		{17C76E92-64EF-48F6-AA23-D3604045821F}.Debug|Mixed Platforms.Build.0 = Debug
		{17C76E92-64EF-48F6-AA23-D3604045821F}.Debug|Win32.ActiveCfg = Debug
		{17C76E92-64EF-48F6-AA23-D3604045821F}.Debug|Win32.Build.0 = Debug
		{17C76E92-64EF-48F6-AA23-D3604045821F}.Debug|x86.ActiveCfg = Debug
		{17C76E92-64EF-48F6-AA23-D3604045821F}.Debug|x86.Build.0 = Debug
		{17C76E92-64EF-48F6-AA23-D3604045821F}.Release|Any CPU.ActiveCfg = Release
		{17C76E92-64EF-48F6-AA23-D3604045821F}.Release|Any CPU.Build.0 = Release
		{17C76E92-64EF-48F6-AA23-D3604045821F}.Release|Mixed Platforms.ActiveCfg = Release
		{17C76E92-64EF-48F6-AA23-D3604045821F}.Release|Mixed Platforms.Build.0 = Release
		{17C76E92-64EF-48F6-AA23-D3604045821F}.Release|Win32.ActiveCfg = Release
		{17C76E92-64EF-48F6-AA23-D3604045821F}.Release|Win32.Build.0 = Release
		{17C76E92-64EF-48F6-AA23-D3604045821F}.Release|x86.ActiveCfg = Release
		{17C76E92-64EF-48F6-AA23-D3604045821F}.Release|x86.Build.0 = Release
		{F989AEFA-CDDB-46E0-9777-1E159EDC7388}.Debug|Any CPU.ActiveCfg = Debug|x86
		{F989AEFA-CDDB-46E0-9777-1E159EDC7388}.Debug|Mixed Platforms.ActiveCfg = Debug|x86
		{F989AEFA-CDDB-46E0-9777-1E159EDC7388}.Debug|Mixed Platforms.Build.0 = Debug|x86
		{F989AEFA-CDDB-46E0-9777-1E159EDC7388}.Debug|Win32.ActiveCfg = Debug|x86
		{F989AEFA-CDDB-46E0-9777-1E159EDC7388}.Debug|x86.ActiveCfg = Debug|x86
		{F989AEFA-CDDB-46E0-9777-1E159EDC7388}.Debug|x86.Build.0 = Debug|x86
		{F989AEFA-CDDB-46E0-9777-1E159EDC7388}.Release|Any CPU.ActiveCfg = Release|x86
		{F989AEFA-CDDB-46E0-9777-1E159EDC7388}.Release|Mixed Platforms.ActiveCfg = Release|x86
		{F989AEFA-CDDB-46E0-9777-1E159EDC7388}.Release|Mixed Platforms.Build.0 = Release|x86
		{F989AEFA-CDDB-46E0-9777-1E159EDC7388}.Release|Win32.ActiveCfg = Release|x86
		{F989AEFA-CDDB-46E0-9777-1E159EDC7388}.Release|x86.ActiveCfg = Release|x86
		{F989AEFA-CDDB-46E0-9777-1E159EDC7388}.Release|x86.Build.0 = Release|x86
		{3740C324-4DD9-4F69-8256-F6A521A660CC}.Debug|Any CPU.ActiveCfg = Debug|Any CPU
		{3740C324-4DD9-4F69-8256-F6A521A660CC}.Debug|Any CPU.Build.0 = Debug|Any CPU
		{3740C324-4DD9-4F69-8256-F6A521A660CC}.Debug|Mixed Platforms.ActiveCfg = Debug|Any CPU
		{3740C324-4DD9-4F69-8256-F6A521A660CC}.Debug|Mixed Platforms.Build.0 = Debug|Any CPU
		{3740C324-4DD9-4F69-8256-F6A521A660CC}.Debug|Win32.ActiveCfg = Debug|Any CPU
		{3740C324-4DD9-4F69-8256-F6A521A660CC}.Debug|x86.ActiveCfg = Debug|Any CPU
		{3740C324-4DD9-4F69-8256-F6A521A660CC}.Release|Any CPU.ActiveCfg = Release|Any CPU
		{3740C324-4DD9-4F69-8256-F6A521A660CC}.Release|Any CPU.Build.0 = Release|Any CPU
		{3740C324-4DD9-4F69-8256-F6A521A660CC}.Release|Mixed Platforms.ActiveCfg = Release|Any CPU
		{3740C324-4DD9-4F69-8256-F6A521A660CC}.Release|Mixed Platforms.Build.0 = Release|Any CPU
		{3740C324-4DD9-4F69-8256-F6A521A660CC}.Release|Win32.ActiveCfg = Release|Any CPU
		{3740C324-4DD9-4F69-8256-F6A521A660CC}.Release|x86.ActiveCfg = Release|Any CPU
		{D326C558-CBC4-40DA-A839-D7A1B2709A55}.Debug|Any CPU.ActiveCfg = Debug|Any CPU
		{D326C558-CBC4-40DA-A839-D7A1B2709A55}.Debug|Any CPU.Build.0 = Debug|Any CPU
		{D326C558-CBC4-40DA-A839-D7A1B2709A55}.Debug|Mixed Platforms.ActiveCfg = Debug|Any CPU
		{D326C558-CBC4-40DA-A839-D7A1B2709A55}.Debug|Mixed Platforms.Build.0 = Debug|Any CPU
		{D326C558-CBC4-40DA-A839-D7A1B2709A55}.Debug|Win32.ActiveCfg = Debug|Any CPU
		{D326C558-CBC4-40DA-A839-D7A1B2709A55}.Debug|x86.ActiveCfg = Debug|Any CPU
		{D326C558-CBC4-40DA-A839-D7A1B2709A55}.Release|Any CPU.ActiveCfg = Release|Any CPU
		{D326C558-CBC4-40DA-A839-D7A1B2709A55}.Release|Any CPU.Build.0 = Release|Any CPU
		{D326C558-CBC4-40DA-A839-D7A1B2709A55}.Release|Mixed Platforms.ActiveCfg = Release|Any CPU
		{D326C558-CBC4-40DA-A839-D7A1B2709A55}.Release|Mixed Platforms.Build.0 = Release|Any CPU
		{D326C558-CBC4-40DA-A839-D7A1B2709A55}.Release|Win32.ActiveCfg = Release|Any CPU
		{D326C558-CBC4-40DA-A839-D7A1B2709A55}.Release|x86.ActiveCfg = Release|Any CPU
	EndGlobalSection
	GlobalSection(SolutionProperties) = preSolution
		HideSolutionNode = FALSE
	EndGlobalSection
EndGlobal
