
Microsoft Visual Studio Solution File, Format Version 12.00
# Visual Studio 14
VisualStudioVersion = 14.0.24720.0
MinimumVisualStudioVersion = 10.0.40219.1
Project("{FAE04EC0-301F-11D3-BF4B-00C04F79EFBC}") = "Utility.2015", "DBUtility\Utility.2015.csproj", "{3BB68F7C-6C07-4890-9851-C73CE00C17F5}"
EndProject
Project("{FAE04EC0-301F-11D3-BF4B-00C04F79EFBC}") = "Common.2015", "Common\Common.2015.csproj", "{BB39153E-4B1E-48B3-8790-F4461D4B238B}"
EndProject
Project("{FAE04EC0-301F-11D3-BF4B-00C04F79EFBC}") = "Protocol.2015", "Protocol\Protocol.2015.csproj", "{CBDF6FF1-FDC4-42BE-A21A-A5559DC20F6F}"
EndProject
Project("{FAE04EC0-301F-11D3-BF4B-00C04F79EFBC}") = "Entity.2015", "Entity\Entity.2015.csproj", "{A73A7A63-11C8-40BC-AA44-0ACD23F00A0B}"
EndProject
Project("{FAE04EC0-301F-11D3-BF4B-00C04F79EFBC}") = "NoiseRecMgr.2015", "NoiseRecMgr\NoiseRecMgr.2015.csproj", "{8744926E-0AF2-4F41-81D3-98004974856B}"
EndProject
Project("{FAE04EC0-301F-11D3-BF4B-00C04F79EFBC}") = "NoiseMap.2015", "NoiseMap\NoiseMap.2015.csproj", "{8A4C67CC-EDF4-4AD7-9C8A-A8148C17999E}"
EndProject
Project("{FAE04EC0-301F-11D3-BF4B-00C04F79EFBC}") = "NoiseParmSetting.2015", "NoiseParmSetting\NoiseParmSetting.2015.csproj", "{EFD170E0-EA31-45F7-807F-46791484D2D4}"
EndProject
Project("{FAE04EC0-301F-11D3-BF4B-00C04F79EFBC}") = "NoiseFFT.2015", "NoiseFFT\NoiseFFT.2015.csproj", "{1B23425E-3641-4B88-BD76-971C12C03713}"
EndProject
Project("{FAE04EC0-301F-11D3-BF4B-00C04F79EFBC}") = "NoiseDataCompare.2015", "NoiseDataCompare\NoiseDataCompare.2015.csproj", "{B67DCBA3-3945-4245-A44F-1ED35E76BAE2}"
EndProject
Project("{FAE04EC0-301F-11D3-BF4B-00C04F79EFBC}") = "NoiseEnergyAnalysis.2015", "NoiseEnergyAnalysis\NoiseEnergyAnalysis.2015.csproj", "{7289EE4B-D27F-4C92-BCE2-B599D8DA4127}"
EndProject
Project("{FAE04EC0-301F-11D3-BF4B-00C04F79EFBC}") = "PreTerAlarm.2015", "PreTerAlarm\PreTerAlarm.2015.csproj", "{CFE8708A-7EB0-45D8-BD79-0EDCCA20E94F}"
EndProject
Project("{FAE04EC0-301F-11D3-BF4B-00C04F79EFBC}") = "PreTerMgr.2015", "PreTerMgr\PreTerMgr.2015.csproj", "{F7910E06-3FEB-4D0C-976F-70285B06E90C}"
EndProject
Project("{FAE04EC0-301F-11D3-BF4B-00C04F79EFBC}") = "PreTerMonitor.2015", "PreTerMonitor\PreTerMonitor.2015.csproj", "{5701E610-ECA4-4EF5-8475-038C59F4D557}"
EndProject
Project("{FAE04EC0-301F-11D3-BF4B-00C04F79EFBC}") = "PreTerReportHistory.2015", "PreTerReportHistory\PreTerReportHistory.2015.csproj", "{8CFF5DBD-3C8F-4817-BC49-35AC5CEC1A56}"
EndProject
Project("{FAE04EC0-301F-11D3-BF4B-00C04F79EFBC}") = "PreTerStoppage.2015", "PreTerStoppage\PreTerStoppage.2015.csproj", "{73C5ED59-BB50-47C0-97CC-43F82BCA3BA4}"
EndProject
Project("{FAE04EC0-301F-11D3-BF4B-00C04F79EFBC}") = "NoiseDataMgr.2015", "NoiseDataMgr\NoiseDataMgr.2015.csproj", "{AF8AF8E2-7662-4F81-BBB9-B6E828ABD21D}"
EndProject
Project("{FAE04EC0-301F-11D3-BF4B-00C04F79EFBC}") = "NoiseGroupMgr.2015", "NoiseGroupMgr\NoiseGroupMgr.2015.csproj", "{6B71722E-E09F-417A-8D76-9E6941453FC6}"
EndProject
Project("{FAE04EC0-301F-11D3-BF4B-00C04F79EFBC}") = "UniversalTerParm.2015", "UniversalTerParm\UniversalTerParm.2015.csproj", "{950E97A0-8ACB-4ADB-BCD4-680945253386}"
EndProject
Project("{FAE04EC0-301F-11D3-BF4B-00C04F79EFBC}") = "UniversalTerMgr.2015", "UniversalTerMgr\UniversalTerMgr.2015.csproj", "{68C2F608-9553-463D-B638-EC636C6CA59C}"
EndProject
Project("{FAE04EC0-301F-11D3-BF4B-00C04F79EFBC}") = "GCGPRSService.2015", "GCGPRSService\GCGPRSService.2015.csproj", "{33D5EE9A-F802-47CD-A0C4-9EABB0898B8B}"
EndProject
Project("{54435603-DBB4-11D2-8724-00A0C9A8B90C}") = "GPRSServiceSetup", "GPRSServiceSetup\GPRSServiceSetup.2015.vdproj", "{17C76E92-64EF-48F6-AA23-D3604045821F}"
EndProject
Project("{FAE04EC0-301F-11D3-BF4B-00C04F79EFBC}") = "GPRSServiceUI.2015", "GPRSServiceUI\GPRSServiceUI.2015.csproj", "{F989AEFA-CDDB-46E0-9777-1E159EDC7388}"
EndProject
Project("{FAE04EC0-301F-11D3-BF4B-00C04F79EFBC}") = "BLL.2015", "BLL\BLL.2015.csproj", "{3740C324-4DD9-4F69-8256-F6A521A660CC}"
EndProject
Project("{FAE04EC0-301F-11D3-BF4B-00C04F79EFBC}") = "DAL.2015", "DAL\DAL.2015.csproj", "{D326C558-CBC4-40DA-A839-D7A1B2709A55}"
EndProject
Project("{FAE04EC0-301F-11D3-BF4B-00C04F79EFBC}") = "SmartWaterSystem.2015", "SmartWaterSystem\SmartWaterSystem.2015.csproj", "{FCE87823-4C94-4B67-9665-82479F23DDD1}"
EndProject
Project("{FAE04EC0-301F-11D3-BF4B-00C04F79EFBC}") = "UniversalTerMonitor.2015", "IUniversalTerMonitor\UniversalTerMonitor.2015.csproj", "{F82DF2C6-BD45-40FE-A467-AD04DD3D0158}"
EndProject
Project("{FAE04EC0-301F-11D3-BF4B-00C04F79EFBC}") = "OLWQParm.2015", "OLWQParm\OLWQParm.2015.csproj", "{FC09A207-5505-4DBC-8012-35D025627A60}"
EndProject
Project("{FAE04EC0-301F-11D3-BF4B-00C04F79EFBC}") = "OLWQMonitor.2015", "OLWQMonitor\OLWQMonitor.2015.csproj", "{F5E9543A-555D-43D0-8560-48137D2D95C8}"
EndProject
Project("{FAE04EC0-301F-11D3-BF4B-00C04F79EFBC}") = "OLWQMgr.2015", "OLWQMgr\OLWQMgr.2015.csproj", "{7ACDC110-2CBA-4054-8DCE-1B113139F233}"
EndProject
Project("{FAE04EC0-301F-11D3-BF4B-00C04F79EFBC}") = "GCGPRSServiceMonitor.2015", "GCGPRSServiceMonitor\GCGPRSServiceMonitor.2015.csproj", "{91A2F122-4818-46A1-8F1F-3E73822E1F41}"
EndProject
Project("{FAE04EC0-301F-11D3-BF4B-00C04F79EFBC}") = "OLWQParm651.2015", "OLWQParm651\OLWQParm651.2015.csproj", "{C1665859-924D-426A-A53D-40D9DD7B06A6}"
EndProject
Project("{FAE04EC0-301F-11D3-BF4B-00C04F79EFBC}") = "HydrantParm.2015", "HydrantParm\HydrantParm.2015.csproj", "{2A9F946D-51A9-4F64-8B66-A8ABCED76632}"
EndProject
Project("{FAE04EC0-301F-11D3-BF4B-00C04F79EFBC}") = "HydrantMap.2015", "HydrantMap\HydrantMap.2015.csproj", "{D7DF2513-C470-41FC-9E20-DF06E14B73E0}"
EndProject
Project("{54435603-DBB4-11D2-8724-00A0C9A8B90C}") = "SmartWaterSetup", "SmartWaterSetup\Setup.vdproj", "{305CA46B-221C-488C-B5D2-D71B55807F8A}"
EndProject
Project("{2150E333-8FDC-42A3-9474-1A3956D46DE8}") = "ComponentDll", "ComponentDll", "{8ED1B349-4B3A-4D5C-8BF2-3ECD4A1640DD}"
EndProject
Project("{FAE04EC0-301F-11D3-BF4B-00C04F79EFBC}") = "UniversalTerParm651.2015", "UniversalTerParm651\UniversalTerParm651.2015.csproj", "{36485A04-6E62-42B0-B9C3-74DBCB78D94D}"
EndProject
Project("{FAE04EC0-301F-11D3-BF4B-00C04F79EFBC}") = "PrectrlMonitor.2015", "PrectrlMonitor\PrectrlMonitor.2015.csproj", "{D29F77A5-6C0E-42C6-AD6B-F41D8684F2B6}"
EndProject
Project("{FAE04EC0-301F-11D3-BF4B-00C04F79EFBC}") = "ConsoleApplicationTest", "ConsoleApplicationTest\ConsoleApplicationTest.csproj", "{423D7958-2FBC-45C3-AF6B-90C92B1E92F9}"
EndProject
Project("{2150E333-8FDC-42A3-9474-1A3956D46DE8}") = "Solution Items", "Solution Items", "{0A74DBAD-898B-4AB1-AF18-31682542F3EC}"
	ProjectSection(SolutionItems) = preProject
		Inventory.txt = Inventory.txt
		note.txt = note.txt
	EndProjectSection
EndProject
Project("{FAE04EC0-301F-11D3-BF4B-00C04F79EFBC}") = "PreTerParm.2015", "PreTerParm\PreTerParm.2015.csproj", "{0150D7FD-CC7E-40C0-97D5-80457FD1BB1B}"
EndProject
Project("{FAE04EC0-301F-11D3-BF4B-00C04F79EFBC}") = "AboutTime", "AboutTime\AboutTime.csproj", "{C2045575-95DA-457F-BF6E-D25AEE96ED36}"
EndProject
Global
	GlobalSection(SolutionConfigurationPlatforms) = preSolution
		Debug|Any CPU = Debug|Any CPU
		Debug|Mixed Platforms = Debug|Mixed Platforms
		Debug|Win32 = Debug|Win32
		Debug|x86 = Debug|x86
		Release|Any CPU = Release|Any CPU
		Release|Mixed Platforms = Release|Mixed Platforms
		Release|Win32 = Release|Win32
		Release|x86 = Release|x86
	EndGlobalSection
	GlobalSection(ProjectConfigurationPlatforms) = postSolution
		{3BB68F7C-6C07-4890-9851-C73CE00C17F5}.Debug|Any CPU.ActiveCfg = Debug|Any CPU
		{3BB68F7C-6C07-4890-9851-C73CE00C17F5}.Debug|Any CPU.Build.0 = Debug|Any CPU
		{3BB68F7C-6C07-4890-9851-C73CE00C17F5}.Debug|Mixed Platforms.ActiveCfg = Debug|Any CPU
		{3BB68F7C-6C07-4890-9851-C73CE00C17F5}.Debug|Mixed Platforms.Build.0 = Debug|Any CPU
		{3BB68F7C-6C07-4890-9851-C73CE00C17F5}.Debug|Win32.ActiveCfg = Debug|Any CPU
		{3BB68F7C-6C07-4890-9851-C73CE00C17F5}.Debug|x86.ActiveCfg = Debug|Any CPU
		{3BB68F7C-6C07-4890-9851-C73CE00C17F5}.Release|Any CPU.ActiveCfg = Release|Any CPU
		{3BB68F7C-6C07-4890-9851-C73CE00C17F5}.Release|Any CPU.Build.0 = Release|Any CPU
		{3BB68F7C-6C07-4890-9851-C73CE00C17F5}.Release|Mixed Platforms.ActiveCfg = Release|Any CPU
		{3BB68F7C-6C07-4890-9851-C73CE00C17F5}.Release|Mixed Platforms.Build.0 = Release|Any CPU
		{3BB68F7C-6C07-4890-9851-C73CE00C17F5}.Release|Win32.ActiveCfg = Release|Any CPU
		{3BB68F7C-6C07-4890-9851-C73CE00C17F5}.Release|x86.ActiveCfg = Release|Any CPU
		{BB39153E-4B1E-48B3-8790-F4461D4B238B}.Debug|Any CPU.ActiveCfg = Debug|Any CPU
		{BB39153E-4B1E-48B3-8790-F4461D4B238B}.Debug|Any CPU.Build.0 = Debug|Any CPU
		{BB39153E-4B1E-48B3-8790-F4461D4B238B}.Debug|Mixed Platforms.ActiveCfg = Debug|Any CPU
		{BB39153E-4B1E-48B3-8790-F4461D4B238B}.Debug|Mixed Platforms.Build.0 = Debug|Any CPU
		{BB39153E-4B1E-48B3-8790-F4461D4B238B}.Debug|Win32.ActiveCfg = Debug|Any CPU
		{BB39153E-4B1E-48B3-8790-F4461D4B238B}.Debug|x86.ActiveCfg = Debug|Any CPU
		{BB39153E-4B1E-48B3-8790-F4461D4B238B}.Debug|x86.Build.0 = Debug|Any CPU
		{BB39153E-4B1E-48B3-8790-F4461D4B238B}.Release|Any CPU.ActiveCfg = Release|Any CPU
		{BB39153E-4B1E-48B3-8790-F4461D4B238B}.Release|Any CPU.Build.0 = Release|Any CPU
		{BB39153E-4B1E-48B3-8790-F4461D4B238B}.Release|Mixed Platforms.ActiveCfg = Release|Any CPU
		{BB39153E-4B1E-48B3-8790-F4461D4B238B}.Release|Mixed Platforms.Build.0 = Release|Any CPU
		{BB39153E-4B1E-48B3-8790-F4461D4B238B}.Release|Win32.ActiveCfg = Release|Any CPU
		{BB39153E-4B1E-48B3-8790-F4461D4B238B}.Release|x86.ActiveCfg = Release|Any CPU
		{CBDF6FF1-FDC4-42BE-A21A-A5559DC20F6F}.Debug|Any CPU.ActiveCfg = Debug|Any CPU
		{CBDF6FF1-FDC4-42BE-A21A-A5559DC20F6F}.Debug|Any CPU.Build.0 = Debug|Any CPU
		{CBDF6FF1-FDC4-42BE-A21A-A5559DC20F6F}.Debug|Mixed Platforms.ActiveCfg = Debug|Any CPU
		{CBDF6FF1-FDC4-42BE-A21A-A5559DC20F6F}.Debug|Mixed Platforms.Build.0 = Debug|Any CPU
		{CBDF6FF1-FDC4-42BE-A21A-A5559DC20F6F}.Debug|Win32.ActiveCfg = Debug|Any CPU
		{CBDF6FF1-FDC4-42BE-A21A-A5559DC20F6F}.Debug|x86.ActiveCfg = Debug|Any CPU
		{CBDF6FF1-FDC4-42BE-A21A-A5559DC20F6F}.Debug|x86.Build.0 = Debug|Any CPU
		{CBDF6FF1-FDC4-42BE-A21A-A5559DC20F6F}.Release|Any CPU.ActiveCfg = Release|Any CPU
		{CBDF6FF1-FDC4-42BE-A21A-A5559DC20F6F}.Release|Any CPU.Build.0 = Release|Any CPU
		{CBDF6FF1-FDC4-42BE-A21A-A5559DC20F6F}.Release|Mixed Platforms.ActiveCfg = Release|Any CPU
		{CBDF6FF1-FDC4-42BE-A21A-A5559DC20F6F}.Release|Mixed Platforms.Build.0 = Release|Any CPU
		{CBDF6FF1-FDC4-42BE-A21A-A5559DC20F6F}.Release|Win32.ActiveCfg = Release|Any CPU
		{CBDF6FF1-FDC4-42BE-A21A-A5559DC20F6F}.Release|x86.ActiveCfg = Release|Any CPU
		{A73A7A63-11C8-40BC-AA44-0ACD23F00A0B}.Debug|Any CPU.ActiveCfg = Debug|Any CPU
		{A73A7A63-11C8-40BC-AA44-0ACD23F00A0B}.Debug|Any CPU.Build.0 = Debug|Any CPU
		{A73A7A63-11C8-40BC-AA44-0ACD23F00A0B}.Debug|Mixed Platforms.ActiveCfg = Debug|Any CPU
		{A73A7A63-11C8-40BC-AA44-0ACD23F00A0B}.Debug|Mixed Platforms.Build.0 = Debug|Any CPU
		{A73A7A63-11C8-40BC-AA44-0ACD23F00A0B}.Debug|Win32.ActiveCfg = Debug|Any CPU
		{A73A7A63-11C8-40BC-AA44-0ACD23F00A0B}.Debug|x86.ActiveCfg = Debug|Any CPU
		{A73A7A63-11C8-40BC-AA44-0ACD23F00A0B}.Debug|x86.Build.0 = Debug|Any CPU
		{A73A7A63-11C8-40BC-AA44-0ACD23F00A0B}.Release|Any CPU.ActiveCfg = Release|Any CPU
		{A73A7A63-11C8-40BC-AA44-0ACD23F00A0B}.Release|Any CPU.Build.0 = Release|Any CPU
		{A73A7A63-11C8-40BC-AA44-0ACD23F00A0B}.Release|Mixed Platforms.ActiveCfg = Release|Any CPU
		{A73A7A63-11C8-40BC-AA44-0ACD23F00A0B}.Release|Mixed Platforms.Build.0 = Release|Any CPU
		{A73A7A63-11C8-40BC-AA44-0ACD23F00A0B}.Release|Win32.ActiveCfg = Release|Any CPU
		{A73A7A63-11C8-40BC-AA44-0ACD23F00A0B}.Release|x86.ActiveCfg = Release|Any CPU
		{8744926E-0AF2-4F41-81D3-98004974856B}.Debug|Any CPU.ActiveCfg = Debug|Any CPU
		{8744926E-0AF2-4F41-81D3-98004974856B}.Debug|Any CPU.Build.0 = Debug|Any CPU
		{8744926E-0AF2-4F41-81D3-98004974856B}.Debug|Mixed Platforms.ActiveCfg = Debug|Any CPU
		{8744926E-0AF2-4F41-81D3-98004974856B}.Debug|Mixed Platforms.Build.0 = Debug|Any CPU
		{8744926E-0AF2-4F41-81D3-98004974856B}.Debug|Win32.ActiveCfg = Debug|Any CPU
		{8744926E-0AF2-4F41-81D3-98004974856B}.Debug|x86.ActiveCfg = Debug|Any CPU
		{8744926E-0AF2-4F41-81D3-98004974856B}.Release|Any CPU.ActiveCfg = Release|Any CPU
		{8744926E-0AF2-4F41-81D3-98004974856B}.Release|Any CPU.Build.0 = Release|Any CPU
		{8744926E-0AF2-4F41-81D3-98004974856B}.Release|Mixed Platforms.ActiveCfg = Release|Any CPU
		{8744926E-0AF2-4F41-81D3-98004974856B}.Release|Mixed Platforms.Build.0 = Release|Any CPU
		{8744926E-0AF2-4F41-81D3-98004974856B}.Release|Win32.ActiveCfg = Release|Any CPU
		{8744926E-0AF2-4F41-81D3-98004974856B}.Release|x86.ActiveCfg = Release|Any CPU
		{8A4C67CC-EDF4-4AD7-9C8A-A8148C17999E}.Debug|Any CPU.ActiveCfg = Debug|Any CPU
		{8A4C67CC-EDF4-4AD7-9C8A-A8148C17999E}.Debug|Any CPU.Build.0 = Debug|Any CPU
		{8A4C67CC-EDF4-4AD7-9C8A-A8148C17999E}.Debug|Mixed Platforms.ActiveCfg = Debug|Any CPU
		{8A4C67CC-EDF4-4AD7-9C8A-A8148C17999E}.Debug|Mixed Platforms.Build.0 = Debug|Any CPU
		{8A4C67CC-EDF4-4AD7-9C8A-A8148C17999E}.Debug|Win32.ActiveCfg = Debug|Any CPU
		{8A4C67CC-EDF4-4AD7-9C8A-A8148C17999E}.Debug|x86.ActiveCfg = Debug|Any CPU
		{8A4C67CC-EDF4-4AD7-9C8A-A8148C17999E}.Release|Any CPU.ActiveCfg = Release|Any CPU
		{8A4C67CC-EDF4-4AD7-9C8A-A8148C17999E}.Release|Any CPU.Build.0 = Release|Any CPU
		{8A4C67CC-EDF4-4AD7-9C8A-A8148C17999E}.Release|Mixed Platforms.ActiveCfg = Release|Any CPU
		{8A4C67CC-EDF4-4AD7-9C8A-A8148C17999E}.Release|Mixed Platforms.Build.0 = Release|Any CPU
		{8A4C67CC-EDF4-4AD7-9C8A-A8148C17999E}.Release|Win32.ActiveCfg = Release|Any CPU
		{8A4C67CC-EDF4-4AD7-9C8A-A8148C17999E}.Release|x86.ActiveCfg = Release|Any CPU
		{EFD170E0-EA31-45F7-807F-46791484D2D4}.Debug|Any CPU.ActiveCfg = Debug|Any CPU
		{EFD170E0-EA31-45F7-807F-46791484D2D4}.Debug|Any CPU.Build.0 = Debug|Any CPU
		{EFD170E0-EA31-45F7-807F-46791484D2D4}.Debug|Mixed Platforms.ActiveCfg = Debug|Any CPU
		{EFD170E0-EA31-45F7-807F-46791484D2D4}.Debug|Mixed Platforms.Build.0 = Debug|Any CPU
		{EFD170E0-EA31-45F7-807F-46791484D2D4}.Debug|Win32.ActiveCfg = Debug|Any CPU
		{EFD170E0-EA31-45F7-807F-46791484D2D4}.Debug|x86.ActiveCfg = Debug|Any CPU
		{EFD170E0-EA31-45F7-807F-46791484D2D4}.Release|Any CPU.ActiveCfg = Release|Any CPU
		{EFD170E0-EA31-45F7-807F-46791484D2D4}.Release|Any CPU.Build.0 = Release|Any CPU
		{EFD170E0-EA31-45F7-807F-46791484D2D4}.Release|Mixed Platforms.ActiveCfg = Release|Any CPU
		{EFD170E0-EA31-45F7-807F-46791484D2D4}.Release|Mixed Platforms.Build.0 = Release|Any CPU
		{EFD170E0-EA31-45F7-807F-46791484D2D4}.Release|Win32.ActiveCfg = Release|Any CPU
		{EFD170E0-EA31-45F7-807F-46791484D2D4}.Release|x86.ActiveCfg = Release|Any CPU
		{1B23425E-3641-4B88-BD76-971C12C03713}.Debug|Any CPU.ActiveCfg = Debug|Any CPU
		{1B23425E-3641-4B88-BD76-971C12C03713}.Debug|Any CPU.Build.0 = Debug|Any CPU
		{1B23425E-3641-4B88-BD76-971C12C03713}.Debug|Mixed Platforms.ActiveCfg = Debug|Any CPU
		{1B23425E-3641-4B88-BD76-971C12C03713}.Debug|Mixed Platforms.Build.0 = Debug|Any CPU
		{1B23425E-3641-4B88-BD76-971C12C03713}.Debug|Win32.ActiveCfg = Debug|Any CPU
		{1B23425E-3641-4B88-BD76-971C12C03713}.Debug|x86.ActiveCfg = Debug|Any CPU
		{1B23425E-3641-4B88-BD76-971C12C03713}.Release|Any CPU.ActiveCfg = Release|Any CPU
		{1B23425E-3641-4B88-BD76-971C12C03713}.Release|Any CPU.Build.0 = Release|Any CPU
		{1B23425E-3641-4B88-BD76-971C12C03713}.Release|Mixed Platforms.ActiveCfg = Release|Any CPU
		{1B23425E-3641-4B88-BD76-971C12C03713}.Release|Mixed Platforms.Build.0 = Release|Any CPU
		{1B23425E-3641-4B88-BD76-971C12C03713}.Release|Win32.ActiveCfg = Release|Any CPU
		{1B23425E-3641-4B88-BD76-971C12C03713}.Release|x86.ActiveCfg = Release|Any CPU
		{B67DCBA3-3945-4245-A44F-1ED35E76BAE2}.Debug|Any CPU.ActiveCfg = Debug|Any CPU
		{B67DCBA3-3945-4245-A44F-1ED35E76BAE2}.Debug|Any CPU.Build.0 = Debug|Any CPU
		{B67DCBA3-3945-4245-A44F-1ED35E76BAE2}.Debug|Mixed Platforms.ActiveCfg = Debug|Any CPU
		{B67DCBA3-3945-4245-A44F-1ED35E76BAE2}.Debug|Mixed Platforms.Build.0 = Debug|Any CPU
		{B67DCBA3-3945-4245-A44F-1ED35E76BAE2}.Debug|Win32.ActiveCfg = Debug|Any CPU
		{B67DCBA3-3945-4245-A44F-1ED35E76BAE2}.Debug|x86.ActiveCfg = Debug|Any CPU
		{B67DCBA3-3945-4245-A44F-1ED35E76BAE2}.Release|Any CPU.ActiveCfg = Release|Any CPU
		{B67DCBA3-3945-4245-A44F-1ED35E76BAE2}.Release|Any CPU.Build.0 = Release|Any CPU
		{B67DCBA3-3945-4245-A44F-1ED35E76BAE2}.Release|Mixed Platforms.ActiveCfg = Release|Any CPU
		{B67DCBA3-3945-4245-A44F-1ED35E76BAE2}.Release|Mixed Platforms.Build.0 = Release|Any CPU
		{B67DCBA3-3945-4245-A44F-1ED35E76BAE2}.Release|Win32.ActiveCfg = Release|Any CPU
		{B67DCBA3-3945-4245-A44F-1ED35E76BAE2}.Release|x86.ActiveCfg = Release|Any CPU
		{7289EE4B-D27F-4C92-BCE2-B599D8DA4127}.Debug|Any CPU.ActiveCfg = Debug|Any CPU
		{7289EE4B-D27F-4C92-BCE2-B599D8DA4127}.Debug|Any CPU.Build.0 = Debug|Any CPU
		{7289EE4B-D27F-4C92-BCE2-B599D8DA4127}.Debug|Mixed Platforms.ActiveCfg = Debug|Any CPU
		{7289EE4B-D27F-4C92-BCE2-B599D8DA4127}.Debug|Mixed Platforms.Build.0 = Debug|Any CPU
		{7289EE4B-D27F-4C92-BCE2-B599D8DA4127}.Debug|Win32.ActiveCfg = Debug|Any CPU
		{7289EE4B-D27F-4C92-BCE2-B599D8DA4127}.Debug|x86.ActiveCfg = Debug|Any CPU
		{7289EE4B-D27F-4C92-BCE2-B599D8DA4127}.Release|Any CPU.ActiveCfg = Release|Any CPU
		{7289EE4B-D27F-4C92-BCE2-B599D8DA4127}.Release|Any CPU.Build.0 = Release|Any CPU
		{7289EE4B-D27F-4C92-BCE2-B599D8DA4127}.Release|Mixed Platforms.ActiveCfg = Release|Any CPU
		{7289EE4B-D27F-4C92-BCE2-B599D8DA4127}.Release|Mixed Platforms.Build.0 = Release|Any CPU
		{7289EE4B-D27F-4C92-BCE2-B599D8DA4127}.Release|Win32.ActiveCfg = Release|Any CPU
		{7289EE4B-D27F-4C92-BCE2-B599D8DA4127}.Release|x86.ActiveCfg = Release|Any CPU
		{CFE8708A-7EB0-45D8-BD79-0EDCCA20E94F}.Debug|Any CPU.ActiveCfg = Debug|Any CPU
		{CFE8708A-7EB0-45D8-BD79-0EDCCA20E94F}.Debug|Any CPU.Build.0 = Debug|Any CPU
		{CFE8708A-7EB0-45D8-BD79-0EDCCA20E94F}.Debug|Mixed Platforms.ActiveCfg = Debug|Any CPU
		{CFE8708A-7EB0-45D8-BD79-0EDCCA20E94F}.Debug|Mixed Platforms.Build.0 = Debug|Any CPU
		{CFE8708A-7EB0-45D8-BD79-0EDCCA20E94F}.Debug|Win32.ActiveCfg = Debug|Any CPU
		{CFE8708A-7EB0-45D8-BD79-0EDCCA20E94F}.Debug|x86.ActiveCfg = Debug|Any CPU
		{CFE8708A-7EB0-45D8-BD79-0EDCCA20E94F}.Release|Any CPU.ActiveCfg = Release|Any CPU
		{CFE8708A-7EB0-45D8-BD79-0EDCCA20E94F}.Release|Any CPU.Build.0 = Release|Any CPU
		{CFE8708A-7EB0-45D8-BD79-0EDCCA20E94F}.Release|Mixed Platforms.ActiveCfg = Release|Any CPU
		{CFE8708A-7EB0-45D8-BD79-0EDCCA20E94F}.Release|Mixed Platforms.Build.0 = Release|Any CPU
		{CFE8708A-7EB0-45D8-BD79-0EDCCA20E94F}.Release|Win32.ActiveCfg = Release|Any CPU
		{CFE8708A-7EB0-45D8-BD79-0EDCCA20E94F}.Release|x86.ActiveCfg = Release|Any CPU
		{F7910E06-3FEB-4D0C-976F-70285B06E90C}.Debug|Any CPU.ActiveCfg = Debug|Any CPU
		{F7910E06-3FEB-4D0C-976F-70285B06E90C}.Debug|Any CPU.Build.0 = Debug|Any CPU
		{F7910E06-3FEB-4D0C-976F-70285B06E90C}.Debug|Mixed Platforms.ActiveCfg = Debug|Any CPU
		{F7910E06-3FEB-4D0C-976F-70285B06E90C}.Debug|Mixed Platforms.Build.0 = Debug|Any CPU
		{F7910E06-3FEB-4D0C-976F-70285B06E90C}.Debug|Win32.ActiveCfg = Debug|Any CPU
		{F7910E06-3FEB-4D0C-976F-70285B06E90C}.Debug|x86.ActiveCfg = Debug|Any CPU
		{F7910E06-3FEB-4D0C-976F-70285B06E90C}.Release|Any CPU.ActiveCfg = Release|Any CPU
		{F7910E06-3FEB-4D0C-976F-70285B06E90C}.Release|Any CPU.Build.0 = Release|Any CPU
		{F7910E06-3FEB-4D0C-976F-70285B06E90C}.Release|Mixed Platforms.ActiveCfg = Release|Any CPU
		{F7910E06-3FEB-4D0C-976F-70285B06E90C}.Release|Mixed Platforms.Build.0 = Release|Any CPU
		{F7910E06-3FEB-4D0C-976F-70285B06E90C}.Release|Win32.ActiveCfg = Release|Any CPU
		{F7910E06-3FEB-4D0C-976F-70285B06E90C}.Release|x86.ActiveCfg = Release|Any CPU
		{5701E610-ECA4-4EF5-8475-038C59F4D557}.Debug|Any CPU.ActiveCfg = Debug|Any CPU
		{5701E610-ECA4-4EF5-8475-038C59F4D557}.Debug|Any CPU.Build.0 = Debug|Any CPU
		{5701E610-ECA4-4EF5-8475-038C59F4D557}.Debug|Mixed Platforms.ActiveCfg = Debug|Any CPU
		{5701E610-ECA4-4EF5-8475-038C59F4D557}.Debug|Mixed Platforms.Build.0 = Debug|Any CPU
		{5701E610-ECA4-4EF5-8475-038C59F4D557}.Debug|Win32.ActiveCfg = Debug|Any CPU
		{5701E610-ECA4-4EF5-8475-038C59F4D557}.Debug|x86.ActiveCfg = Debug|Any CPU
		{5701E610-ECA4-4EF5-8475-038C59F4D557}.Release|Any CPU.ActiveCfg = Release|Any CPU
		{5701E610-ECA4-4EF5-8475-038C59F4D557}.Release|Any CPU.Build.0 = Release|Any CPU
		{5701E610-ECA4-4EF5-8475-038C59F4D557}.Release|Mixed Platforms.ActiveCfg = Release|Any CPU
		{5701E610-ECA4-4EF5-8475-038C59F4D557}.Release|Mixed Platforms.Build.0 = Release|Any CPU
		{5701E610-ECA4-4EF5-8475-038C59F4D557}.Release|Win32.ActiveCfg = Release|Any CPU
		{5701E610-ECA4-4EF5-8475-038C59F4D557}.Release|x86.ActiveCfg = Release|Any CPU
		{8CFF5DBD-3C8F-4817-BC49-35AC5CEC1A56}.Debug|Any CPU.ActiveCfg = Debug|Any CPU
		{8CFF5DBD-3C8F-4817-BC49-35AC5CEC1A56}.Debug|Any CPU.Build.0 = Debug|Any CPU
		{8CFF5DBD-3C8F-4817-BC49-35AC5CEC1A56}.Debug|Mixed Platforms.ActiveCfg = Debug|Any CPU
		{8CFF5DBD-3C8F-4817-BC49-35AC5CEC1A56}.Debug|Mixed Platforms.Build.0 = Debug|Any CPU
		{8CFF5DBD-3C8F-4817-BC49-35AC5CEC1A56}.Debug|Win32.ActiveCfg = Debug|Any CPU
		{8CFF5DBD-3C8F-4817-BC49-35AC5CEC1A56}.Debug|x86.ActiveCfg = Debug|Any CPU
		{8CFF5DBD-3C8F-4817-BC49-35AC5CEC1A56}.Release|Any CPU.ActiveCfg = Release|Any CPU
		{8CFF5DBD-3C8F-4817-BC49-35AC5CEC1A56}.Release|Any CPU.Build.0 = Release|Any CPU
		{8CFF5DBD-3C8F-4817-BC49-35AC5CEC1A56}.Release|Mixed Platforms.ActiveCfg = Release|Any CPU
		{8CFF5DBD-3C8F-4817-BC49-35AC5CEC1A56}.Release|Mixed Platforms.Build.0 = Release|Any CPU
		{8CFF5DBD-3C8F-4817-BC49-35AC5CEC1A56}.Release|Win32.ActiveCfg = Release|Any CPU
		{8CFF5DBD-3C8F-4817-BC49-35AC5CEC1A56}.Release|x86.ActiveCfg = Release|Any CPU
		{73C5ED59-BB50-47C0-97CC-43F82BCA3BA4}.Debug|Any CPU.ActiveCfg = Debug|Any CPU
		{73C5ED59-BB50-47C0-97CC-43F82BCA3BA4}.Debug|Any CPU.Build.0 = Debug|Any CPU
		{73C5ED59-BB50-47C0-97CC-43F82BCA3BA4}.Debug|Mixed Platforms.ActiveCfg = Debug|Any CPU
		{73C5ED59-BB50-47C0-97CC-43F82BCA3BA4}.Debug|Mixed Platforms.Build.0 = Debug|Any CPU
		{73C5ED59-BB50-47C0-97CC-43F82BCA3BA4}.Debug|Win32.ActiveCfg = Debug|Any CPU
		{73C5ED59-BB50-47C0-97CC-43F82BCA3BA4}.Debug|x86.ActiveCfg = Debug|Any CPU
		{73C5ED59-BB50-47C0-97CC-43F82BCA3BA4}.Release|Any CPU.ActiveCfg = Release|Any CPU
		{73C5ED59-BB50-47C0-97CC-43F82BCA3BA4}.Release|Any CPU.Build.0 = Release|Any CPU
		{73C5ED59-BB50-47C0-97CC-43F82BCA3BA4}.Release|Mixed Platforms.ActiveCfg = Release|Any CPU
		{73C5ED59-BB50-47C0-97CC-43F82BCA3BA4}.Release|Mixed Platforms.Build.0 = Release|Any CPU
		{73C5ED59-BB50-47C0-97CC-43F82BCA3BA4}.Release|Win32.ActiveCfg = Release|Any CPU
		{73C5ED59-BB50-47C0-97CC-43F82BCA3BA4}.Release|x86.ActiveCfg = Release|Any CPU
		{AF8AF8E2-7662-4F81-BBB9-B6E828ABD21D}.Debug|Any CPU.ActiveCfg = Debug|Any CPU
		{AF8AF8E2-7662-4F81-BBB9-B6E828ABD21D}.Debug|Any CPU.Build.0 = Debug|Any CPU
		{AF8AF8E2-7662-4F81-BBB9-B6E828ABD21D}.Debug|Mixed Platforms.ActiveCfg = Debug|Any CPU
		{AF8AF8E2-7662-4F81-BBB9-B6E828ABD21D}.Debug|Mixed Platforms.Build.0 = Debug|Any CPU
		{AF8AF8E2-7662-4F81-BBB9-B6E828ABD21D}.Debug|Win32.ActiveCfg = Debug|Any CPU
		{AF8AF8E2-7662-4F81-BBB9-B6E828ABD21D}.Debug|x86.ActiveCfg = Debug|Any CPU
		{AF8AF8E2-7662-4F81-BBB9-B6E828ABD21D}.Release|Any CPU.ActiveCfg = Release|Any CPU
		{AF8AF8E2-7662-4F81-BBB9-B6E828ABD21D}.Release|Any CPU.Build.0 = Release|Any CPU
		{AF8AF8E2-7662-4F81-BBB9-B6E828ABD21D}.Release|Mixed Platforms.ActiveCfg = Release|Any CPU
		{AF8AF8E2-7662-4F81-BBB9-B6E828ABD21D}.Release|Mixed Platforms.Build.0 = Release|Any CPU
		{AF8AF8E2-7662-4F81-BBB9-B6E828ABD21D}.Release|Win32.ActiveCfg = Release|Any CPU
		{AF8AF8E2-7662-4F81-BBB9-B6E828ABD21D}.Release|x86.ActiveCfg = Release|Any CPU
		{6B71722E-E09F-417A-8D76-9E6941453FC6}.Debug|Any CPU.ActiveCfg = Debug|Any CPU
		{6B71722E-E09F-417A-8D76-9E6941453FC6}.Debug|Any CPU.Build.0 = Debug|Any CPU
		{6B71722E-E09F-417A-8D76-9E6941453FC6}.Debug|Mixed Platforms.ActiveCfg = Debug|Any CPU
		{6B71722E-E09F-417A-8D76-9E6941453FC6}.Debug|Mixed Platforms.Build.0 = Debug|Any CPU
		{6B71722E-E09F-417A-8D76-9E6941453FC6}.Debug|Win32.ActiveCfg = Debug|Any CPU
		{6B71722E-E09F-417A-8D76-9E6941453FC6}.Debug|x86.ActiveCfg = Debug|Any CPU
		{6B71722E-E09F-417A-8D76-9E6941453FC6}.Release|Any CPU.ActiveCfg = Release|Any CPU
		{6B71722E-E09F-417A-8D76-9E6941453FC6}.Release|Any CPU.Build.0 = Release|Any CPU
		{6B71722E-E09F-417A-8D76-9E6941453FC6}.Release|Mixed Platforms.ActiveCfg = Release|Any CPU
		{6B71722E-E09F-417A-8D76-9E6941453FC6}.Release|Mixed Platforms.Build.0 = Release|Any CPU
		{6B71722E-E09F-417A-8D76-9E6941453FC6}.Release|Win32.ActiveCfg = Release|Any CPU
		{6B71722E-E09F-417A-8D76-9E6941453FC6}.Release|x86.ActiveCfg = Release|Any CPU
		{950E97A0-8ACB-4ADB-BCD4-680945253386}.Debug|Any CPU.ActiveCfg = Debug|Any CPU
		{950E97A0-8ACB-4ADB-BCD4-680945253386}.Debug|Any CPU.Build.0 = Debug|Any CPU
		{950E97A0-8ACB-4ADB-BCD4-680945253386}.Debug|Mixed Platforms.ActiveCfg = Debug|Any CPU
		{950E97A0-8ACB-4ADB-BCD4-680945253386}.Debug|Mixed Platforms.Build.0 = Debug|Any CPU
		{950E97A0-8ACB-4ADB-BCD4-680945253386}.Debug|Win32.ActiveCfg = Debug|Any CPU
		{950E97A0-8ACB-4ADB-BCD4-680945253386}.Debug|x86.ActiveCfg = Debug|Any CPU
		{950E97A0-8ACB-4ADB-BCD4-680945253386}.Release|Any CPU.ActiveCfg = Release|Any CPU
		{950E97A0-8ACB-4ADB-BCD4-680945253386}.Release|Any CPU.Build.0 = Release|Any CPU
		{950E97A0-8ACB-4ADB-BCD4-680945253386}.Release|Mixed Platforms.ActiveCfg = Release|Any CPU
		{950E97A0-8ACB-4ADB-BCD4-680945253386}.Release|Mixed Platforms.Build.0 = Release|Any CPU
		{950E97A0-8ACB-4ADB-BCD4-680945253386}.Release|Win32.ActiveCfg = Release|Any CPU
		{950E97A0-8ACB-4ADB-BCD4-680945253386}.Release|x86.ActiveCfg = Release|Any CPU
		{68C2F608-9553-463D-B638-EC636C6CA59C}.Debug|Any CPU.ActiveCfg = Debug|Any CPU
		{68C2F608-9553-463D-B638-EC636C6CA59C}.Debug|Any CPU.Build.0 = Debug|Any CPU
		{68C2F608-9553-463D-B638-EC636C6CA59C}.Debug|Mixed Platforms.ActiveCfg = Debug|Any CPU
		{68C2F608-9553-463D-B638-EC636C6CA59C}.Debug|Mixed Platforms.Build.0 = Debug|Any CPU
		{68C2F608-9553-463D-B638-EC636C6CA59C}.Debug|Win32.ActiveCfg = Debug|Any CPU
		{68C2F608-9553-463D-B638-EC636C6CA59C}.Debug|x86.ActiveCfg = Debug|Any CPU
		{68C2F608-9553-463D-B638-EC636C6CA59C}.Release|Any CPU.ActiveCfg = Release|Any CPU
		{68C2F608-9553-463D-B638-EC636C6CA59C}.Release|Any CPU.Build.0 = Release|Any CPU
		{68C2F608-9553-463D-B638-EC636C6CA59C}.Release|Mixed Platforms.ActiveCfg = Release|Any CPU
		{68C2F608-9553-463D-B638-EC636C6CA59C}.Release|Mixed Platforms.Build.0 = Release|Any CPU
		{68C2F608-9553-463D-B638-EC636C6CA59C}.Release|Win32.ActiveCfg = Release|Any CPU
		{68C2F608-9553-463D-B638-EC636C6CA59C}.Release|x86.ActiveCfg = Release|Any CPU
		{33D5EE9A-F802-47CD-A0C4-9EABB0898B8B}.Debug|Any CPU.ActiveCfg = Debug|x86
		{33D5EE9A-F802-47CD-A0C4-9EABB0898B8B}.Debug|Mixed Platforms.ActiveCfg = Debug|x86
		{33D5EE9A-F802-47CD-A0C4-9EABB0898B8B}.Debug|Mixed Platforms.Build.0 = Debug|x86
		{33D5EE9A-F802-47CD-A0C4-9EABB0898B8B}.Debug|Win32.ActiveCfg = Debug|x86
		{33D5EE9A-F802-47CD-A0C4-9EABB0898B8B}.Debug|x86.ActiveCfg = Debug|x86
		{33D5EE9A-F802-47CD-A0C4-9EABB0898B8B}.Release|Any CPU.ActiveCfg = Release|x86
		{33D5EE9A-F802-47CD-A0C4-9EABB0898B8B}.Release|Any CPU.Build.0 = Release|x86
		{33D5EE9A-F802-47CD-A0C4-9EABB0898B8B}.Release|Mixed Platforms.ActiveCfg = Release|x86
		{33D5EE9A-F802-47CD-A0C4-9EABB0898B8B}.Release|Mixed Platforms.Build.0 = Release|x86
		{33D5EE9A-F802-47CD-A0C4-9EABB0898B8B}.Release|Win32.ActiveCfg = Release|x86
		{33D5EE9A-F802-47CD-A0C4-9EABB0898B8B}.Release|x86.ActiveCfg = Release|x86
		{33D5EE9A-F802-47CD-A0C4-9EABB0898B8B}.Release|x86.Build.0 = Release|x86
		{17C76E92-64EF-48F6-AA23-D3604045821F}.Debug|Any CPU.ActiveCfg = Debug
		{17C76E92-64EF-48F6-AA23-D3604045821F}.Debug|Any CPU.Build.0 = Debug
		{17C76E92-64EF-48F6-AA23-D3604045821F}.Debug|Mixed Platforms.ActiveCfg = Debug
		{17C76E92-64EF-48F6-AA23-D3604045821F}.Debug|Mixed Platforms.Build.0 = Debug
		{17C76E92-64EF-48F6-AA23-D3604045821F}.Debug|Win32.ActiveCfg = Debug
		{17C76E92-64EF-48F6-AA23-D3604045821F}.Debug|Win32.Build.0 = Debug
		{17C76E92-64EF-48F6-AA23-D3604045821F}.Debug|x86.ActiveCfg = Debug
		{17C76E92-64EF-48F6-AA23-D3604045821F}.Release|Any CPU.ActiveCfg = Release
		{17C76E92-64EF-48F6-AA23-D3604045821F}.Release|Any CPU.Build.0 = Release
		{17C76E92-64EF-48F6-AA23-D3604045821F}.Release|Mixed Platforms.ActiveCfg = Release
		{17C76E92-64EF-48F6-AA23-D3604045821F}.Release|Mixed Platforms.Build.0 = Release
		{17C76E92-64EF-48F6-AA23-D3604045821F}.Release|Win32.ActiveCfg = Release
		{17C76E92-64EF-48F6-AA23-D3604045821F}.Release|Win32.Build.0 = Release
		{17C76E92-64EF-48F6-AA23-D3604045821F}.Release|x86.ActiveCfg = Release
		{17C76E92-64EF-48F6-AA23-D3604045821F}.Release|x86.Build.0 = Release
		{F989AEFA-CDDB-46E0-9777-1E159EDC7388}.Debug|Any CPU.ActiveCfg = Debug|x86
		{F989AEFA-CDDB-46E0-9777-1E159EDC7388}.Debug|Mixed Platforms.ActiveCfg = Debug|x86
		{F989AEFA-CDDB-46E0-9777-1E159EDC7388}.Debug|Mixed Platforms.Build.0 = Debug|x86
		{F989AEFA-CDDB-46E0-9777-1E159EDC7388}.Debug|Win32.ActiveCfg = Debug|x86
		{F989AEFA-CDDB-46E0-9777-1E159EDC7388}.Debug|x86.ActiveCfg = Debug|x86
		{F989AEFA-CDDB-46E0-9777-1E159EDC7388}.Release|Any CPU.ActiveCfg = Release|x86
		{F989AEFA-CDDB-46E0-9777-1E159EDC7388}.Release|Any CPU.Build.0 = Release|x86
		{F989AEFA-CDDB-46E0-9777-1E159EDC7388}.Release|Mixed Platforms.ActiveCfg = Release|x86
		{F989AEFA-CDDB-46E0-9777-1E159EDC7388}.Release|Mixed Platforms.Build.0 = Release|x86
		{F989AEFA-CDDB-46E0-9777-1E159EDC7388}.Release|Win32.ActiveCfg = Release|x86
		{F989AEFA-CDDB-46E0-9777-1E159EDC7388}.Release|x86.ActiveCfg = Release|x86
		{F989AEFA-CDDB-46E0-9777-1E159EDC7388}.Release|x86.Build.0 = Release|x86
		{3740C324-4DD9-4F69-8256-F6A521A660CC}.Debug|Any CPU.ActiveCfg = Debug|Any CPU
		{3740C324-4DD9-4F69-8256-F6A521A660CC}.Debug|Any CPU.Build.0 = Debug|Any CPU
		{3740C324-4DD9-4F69-8256-F6A521A660CC}.Debug|Mixed Platforms.ActiveCfg = Debug|Any CPU
		{3740C324-4DD9-4F69-8256-F6A521A660CC}.Debug|Mixed Platforms.Build.0 = Debug|Any CPU
		{3740C324-4DD9-4F69-8256-F6A521A660CC}.Debug|Win32.ActiveCfg = Debug|Any CPU
		{3740C324-4DD9-4F69-8256-F6A521A660CC}.Debug|x86.ActiveCfg = Debug|Any CPU
		{3740C324-4DD9-4F69-8256-F6A521A660CC}.Debug|x86.Build.0 = Debug|Any CPU
		{3740C324-4DD9-4F69-8256-F6A521A660CC}.Release|Any CPU.ActiveCfg = Release|Any CPU
		{3740C324-4DD9-4F69-8256-F6A521A660CC}.Release|Any CPU.Build.0 = Release|Any CPU
		{3740C324-4DD9-4F69-8256-F6A521A660CC}.Release|Mixed Platforms.ActiveCfg = Release|Any CPU
		{3740C324-4DD9-4F69-8256-F6A521A660CC}.Release|Mixed Platforms.Build.0 = Release|Any CPU
		{3740C324-4DD9-4F69-8256-F6A521A660CC}.Release|Win32.ActiveCfg = Release|Any CPU
		{3740C324-4DD9-4F69-8256-F6A521A660CC}.Release|x86.ActiveCfg = Release|Any CPU
		{D326C558-CBC4-40DA-A839-D7A1B2709A55}.Debug|Any CPU.ActiveCfg = Debug|Any CPU
		{D326C558-CBC4-40DA-A839-D7A1B2709A55}.Debug|Any CPU.Build.0 = Debug|Any CPU
		{D326C558-CBC4-40DA-A839-D7A1B2709A55}.Debug|Mixed Platforms.ActiveCfg = Debug|Any CPU
		{D326C558-CBC4-40DA-A839-D7A1B2709A55}.Debug|Mixed Platforms.Build.0 = Debug|Any CPU
		{D326C558-CBC4-40DA-A839-D7A1B2709A55}.Debug|Win32.ActiveCfg = Debug|Any CPU
		{D326C558-CBC4-40DA-A839-D7A1B2709A55}.Debug|x86.ActiveCfg = Debug|Any CPU
		{D326C558-CBC4-40DA-A839-D7A1B2709A55}.Debug|x86.Build.0 = Debug|Any CPU
		{D326C558-CBC4-40DA-A839-D7A1B2709A55}.Release|Any CPU.ActiveCfg = Release|Any CPU
		{D326C558-CBC4-40DA-A839-D7A1B2709A55}.Release|Any CPU.Build.0 = Release|Any CPU
		{D326C558-CBC4-40DA-A839-D7A1B2709A55}.Release|Mixed Platforms.ActiveCfg = Release|Any CPU
		{D326C558-CBC4-40DA-A839-D7A1B2709A55}.Release|Mixed Platforms.Build.0 = Release|Any CPU
		{D326C558-CBC4-40DA-A839-D7A1B2709A55}.Release|Win32.ActiveCfg = Release|Any CPU
		{D326C558-CBC4-40DA-A839-D7A1B2709A55}.Release|x86.ActiveCfg = Release|Any CPU
		{FCE87823-4C94-4B67-9665-82479F23DDD1}.Debug|Any CPU.ActiveCfg = Debug|x86
		{FCE87823-4C94-4B67-9665-82479F23DDD1}.Debug|Mixed Platforms.ActiveCfg = Debug|x86
		{FCE87823-4C94-4B67-9665-82479F23DDD1}.Debug|Mixed Platforms.Build.0 = Debug|x86
		{FCE87823-4C94-4B67-9665-82479F23DDD1}.Debug|Win32.ActiveCfg = Debug|x86
		{FCE87823-4C94-4B67-9665-82479F23DDD1}.Debug|x86.ActiveCfg = Debug|x86
		{FCE87823-4C94-4B67-9665-82479F23DDD1}.Debug|x86.Build.0 = Debug|x86
		{FCE87823-4C94-4B67-9665-82479F23DDD1}.Release|Any CPU.ActiveCfg = Release|x86
		{FCE87823-4C94-4B67-9665-82479F23DDD1}.Release|Any CPU.Build.0 = Release|x86
		{FCE87823-4C94-4B67-9665-82479F23DDD1}.Release|Mixed Platforms.ActiveCfg = Release|x86
		{FCE87823-4C94-4B67-9665-82479F23DDD1}.Release|Mixed Platforms.Build.0 = Release|x86
		{FCE87823-4C94-4B67-9665-82479F23DDD1}.Release|Win32.ActiveCfg = Release|x86
		{FCE87823-4C94-4B67-9665-82479F23DDD1}.Release|x86.ActiveCfg = Release|x86
		{FCE87823-4C94-4B67-9665-82479F23DDD1}.Release|x86.Build.0 = Release|x86
		{F82DF2C6-BD45-40FE-A467-AD04DD3D0158}.Debug|Any CPU.ActiveCfg = Debug|Any CPU
		{F82DF2C6-BD45-40FE-A467-AD04DD3D0158}.Debug|Any CPU.Build.0 = Debug|Any CPU
		{F82DF2C6-BD45-40FE-A467-AD04DD3D0158}.Debug|Mixed Platforms.ActiveCfg = Debug|Any CPU
		{F82DF2C6-BD45-40FE-A467-AD04DD3D0158}.Debug|Mixed Platforms.Build.0 = Debug|Any CPU
		{F82DF2C6-BD45-40FE-A467-AD04DD3D0158}.Debug|Win32.ActiveCfg = Debug|Any CPU
		{F82DF2C6-BD45-40FE-A467-AD04DD3D0158}.Debug|x86.ActiveCfg = Debug|Any CPU
		{F82DF2C6-BD45-40FE-A467-AD04DD3D0158}.Release|Any CPU.ActiveCfg = Release|Any CPU
		{F82DF2C6-BD45-40FE-A467-AD04DD3D0158}.Release|Any CPU.Build.0 = Release|Any CPU
		{F82DF2C6-BD45-40FE-A467-AD04DD3D0158}.Release|Mixed Platforms.ActiveCfg = Release|Any CPU
		{F82DF2C6-BD45-40FE-A467-AD04DD3D0158}.Release|Mixed Platforms.Build.0 = Release|Any CPU
		{F82DF2C6-BD45-40FE-A467-AD04DD3D0158}.Release|Win32.ActiveCfg = Release|Any CPU
		{F82DF2C6-BD45-40FE-A467-AD04DD3D0158}.Release|x86.ActiveCfg = Release|Any CPU
		{FC09A207-5505-4DBC-8012-35D025627A60}.Debug|Any CPU.ActiveCfg = Debug|Any CPU
		{FC09A207-5505-4DBC-8012-35D025627A60}.Debug|Any CPU.Build.0 = Debug|Any CPU
		{FC09A207-5505-4DBC-8012-35D025627A60}.Debug|Mixed Platforms.ActiveCfg = Debug|Any CPU
		{FC09A207-5505-4DBC-8012-35D025627A60}.Debug|Mixed Platforms.Build.0 = Debug|Any CPU
		{FC09A207-5505-4DBC-8012-35D025627A60}.Debug|Win32.ActiveCfg = Debug|Any CPU
		{FC09A207-5505-4DBC-8012-35D025627A60}.Debug|x86.ActiveCfg = Debug|Any CPU
		{FC09A207-5505-4DBC-8012-35D025627A60}.Release|Any CPU.ActiveCfg = Release|Any CPU
		{FC09A207-5505-4DBC-8012-35D025627A60}.Release|Any CPU.Build.0 = Release|Any CPU
		{FC09A207-5505-4DBC-8012-35D025627A60}.Release|Mixed Platforms.ActiveCfg = Release|Any CPU
		{FC09A207-5505-4DBC-8012-35D025627A60}.Release|Mixed Platforms.Build.0 = Release|Any CPU
		{FC09A207-5505-4DBC-8012-35D025627A60}.Release|Win32.ActiveCfg = Release|Any CPU
		{FC09A207-5505-4DBC-8012-35D025627A60}.Release|x86.ActiveCfg = Release|Any CPU
		{F5E9543A-555D-43D0-8560-48137D2D95C8}.Debug|Any CPU.ActiveCfg = Debug|Any CPU
		{F5E9543A-555D-43D0-8560-48137D2D95C8}.Debug|Any CPU.Build.0 = Debug|Any CPU
		{F5E9543A-555D-43D0-8560-48137D2D95C8}.Debug|Mixed Platforms.ActiveCfg = Debug|Any CPU
		{F5E9543A-555D-43D0-8560-48137D2D95C8}.Debug|Mixed Platforms.Build.0 = Debug|Any CPU
		{F5E9543A-555D-43D0-8560-48137D2D95C8}.Debug|Win32.ActiveCfg = Debug|Any CPU
		{F5E9543A-555D-43D0-8560-48137D2D95C8}.Debug|x86.ActiveCfg = Debug|Any CPU
		{F5E9543A-555D-43D0-8560-48137D2D95C8}.Release|Any CPU.ActiveCfg = Release|Any CPU
		{F5E9543A-555D-43D0-8560-48137D2D95C8}.Release|Any CPU.Build.0 = Release|Any CPU
		{F5E9543A-555D-43D0-8560-48137D2D95C8}.Release|Mixed Platforms.ActiveCfg = Release|Any CPU
		{F5E9543A-555D-43D0-8560-48137D2D95C8}.Release|Mixed Platforms.Build.0 = Release|Any CPU
		{F5E9543A-555D-43D0-8560-48137D2D95C8}.Release|Win32.ActiveCfg = Release|Any CPU
		{F5E9543A-555D-43D0-8560-48137D2D95C8}.Release|x86.ActiveCfg = Release|Any CPU
		{7ACDC110-2CBA-4054-8DCE-1B113139F233}.Debug|Any CPU.ActiveCfg = Debug|Any CPU
		{7ACDC110-2CBA-4054-8DCE-1B113139F233}.Debug|Any CPU.Build.0 = Debug|Any CPU
		{7ACDC110-2CBA-4054-8DCE-1B113139F233}.Debug|Mixed Platforms.ActiveCfg = Debug|Any CPU
		{7ACDC110-2CBA-4054-8DCE-1B113139F233}.Debug|Mixed Platforms.Build.0 = Debug|Any CPU
		{7ACDC110-2CBA-4054-8DCE-1B113139F233}.Debug|Win32.ActiveCfg = Debug|Any CPU
		{7ACDC110-2CBA-4054-8DCE-1B113139F233}.Debug|x86.ActiveCfg = Debug|Any CPU
		{7ACDC110-2CBA-4054-8DCE-1B113139F233}.Release|Any CPU.ActiveCfg = Release|Any CPU
		{7ACDC110-2CBA-4054-8DCE-1B113139F233}.Release|Any CPU.Build.0 = Release|Any CPU
		{7ACDC110-2CBA-4054-8DCE-1B113139F233}.Release|Mixed Platforms.ActiveCfg = Release|Any CPU
		{7ACDC110-2CBA-4054-8DCE-1B113139F233}.Release|Mixed Platforms.Build.0 = Release|Any CPU
		{7ACDC110-2CBA-4054-8DCE-1B113139F233}.Release|Win32.ActiveCfg = Release|Any CPU
		{7ACDC110-2CBA-4054-8DCE-1B113139F233}.Release|x86.ActiveCfg = Release|Any CPU
		{91A2F122-4818-46A1-8F1F-3E73822E1F41}.Debug|Any CPU.ActiveCfg = Debug|x86
		{91A2F122-4818-46A1-8F1F-3E73822E1F41}.Debug|Mixed Platforms.ActiveCfg = Debug|x86
		{91A2F122-4818-46A1-8F1F-3E73822E1F41}.Debug|Mixed Platforms.Build.0 = Debug|x86
		{91A2F122-4818-46A1-8F1F-3E73822E1F41}.Debug|Win32.ActiveCfg = Debug|x86
		{91A2F122-4818-46A1-8F1F-3E73822E1F41}.Debug|x86.ActiveCfg = Debug|x86
		{91A2F122-4818-46A1-8F1F-3E73822E1F41}.Release|Any CPU.ActiveCfg = Release|x86
		{91A2F122-4818-46A1-8F1F-3E73822E1F41}.Release|Any CPU.Build.0 = Release|x86
		{91A2F122-4818-46A1-8F1F-3E73822E1F41}.Release|Mixed Platforms.ActiveCfg = Release|x86
		{91A2F122-4818-46A1-8F1F-3E73822E1F41}.Release|Mixed Platforms.Build.0 = Release|x86
		{91A2F122-4818-46A1-8F1F-3E73822E1F41}.Release|Win32.ActiveCfg = Release|x86
		{91A2F122-4818-46A1-8F1F-3E73822E1F41}.Release|x86.ActiveCfg = Release|x86
		{91A2F122-4818-46A1-8F1F-3E73822E1F41}.Release|x86.Build.0 = Release|x86
		{C1665859-924D-426A-A53D-40D9DD7B06A6}.Debug|Any CPU.ActiveCfg = Debug|Any CPU
		{C1665859-924D-426A-A53D-40D9DD7B06A6}.Debug|Any CPU.Build.0 = Debug|Any CPU
		{C1665859-924D-426A-A53D-40D9DD7B06A6}.Debug|Mixed Platforms.ActiveCfg = Debug|Any CPU
		{C1665859-924D-426A-A53D-40D9DD7B06A6}.Debug|Mixed Platforms.Build.0 = Debug|Any CPU
		{C1665859-924D-426A-A53D-40D9DD7B06A6}.Debug|Win32.ActiveCfg = Debug|Any CPU
		{C1665859-924D-426A-A53D-40D9DD7B06A6}.Debug|x86.ActiveCfg = Debug|Any CPU
		{C1665859-924D-426A-A53D-40D9DD7B06A6}.Release|Any CPU.ActiveCfg = Release|Any CPU
		{C1665859-924D-426A-A53D-40D9DD7B06A6}.Release|Any CPU.Build.0 = Release|Any CPU
		{C1665859-924D-426A-A53D-40D9DD7B06A6}.Release|Mixed Platforms.ActiveCfg = Release|Any CPU
		{C1665859-924D-426A-A53D-40D9DD7B06A6}.Release|Mixed Platforms.Build.0 = Release|Any CPU
		{C1665859-924D-426A-A53D-40D9DD7B06A6}.Release|Win32.ActiveCfg = Release|Any CPU
		{C1665859-924D-426A-A53D-40D9DD7B06A6}.Release|x86.ActiveCfg = Release|Any CPU
		{2A9F946D-51A9-4F64-8B66-A8ABCED76632}.Debug|Any CPU.ActiveCfg = Debug|Any CPU
		{2A9F946D-51A9-4F64-8B66-A8ABCED76632}.Debug|Any CPU.Build.0 = Debug|Any CPU
		{2A9F946D-51A9-4F64-8B66-A8ABCED76632}.Debug|Mixed Platforms.ActiveCfg = Debug|Any CPU
		{2A9F946D-51A9-4F64-8B66-A8ABCED76632}.Debug|Mixed Platforms.Build.0 = Debug|Any CPU
		{2A9F946D-51A9-4F64-8B66-A8ABCED76632}.Debug|Win32.ActiveCfg = Debug|Any CPU
		{2A9F946D-51A9-4F64-8B66-A8ABCED76632}.Debug|x86.ActiveCfg = Debug|Any CPU
		{2A9F946D-51A9-4F64-8B66-A8ABCED76632}.Release|Any CPU.ActiveCfg = Release|Any CPU
		{2A9F946D-51A9-4F64-8B66-A8ABCED76632}.Release|Any CPU.Build.0 = Release|Any CPU
		{2A9F946D-51A9-4F64-8B66-A8ABCED76632}.Release|Mixed Platforms.ActiveCfg = Release|Any CPU
		{2A9F946D-51A9-4F64-8B66-A8ABCED76632}.Release|Mixed Platforms.Build.0 = Release|Any CPU
		{2A9F946D-51A9-4F64-8B66-A8ABCED76632}.Release|Win32.ActiveCfg = Release|Any CPU
		{2A9F946D-51A9-4F64-8B66-A8ABCED76632}.Release|x86.ActiveCfg = Release|Any CPU
		{D7DF2513-C470-41FC-9E20-DF06E14B73E0}.Debug|Any CPU.ActiveCfg = Debug|Any CPU
		{D7DF2513-C470-41FC-9E20-DF06E14B73E0}.Debug|Any CPU.Build.0 = Debug|Any CPU
		{D7DF2513-C470-41FC-9E20-DF06E14B73E0}.Debug|Mixed Platforms.ActiveCfg = Debug|Any CPU
		{D7DF2513-C470-41FC-9E20-DF06E14B73E0}.Debug|Mixed Platforms.Build.0 = Debug|Any CPU
		{D7DF2513-C470-41FC-9E20-DF06E14B73E0}.Debug|Win32.ActiveCfg = Debug|Any CPU
		{D7DF2513-C470-41FC-9E20-DF06E14B73E0}.Debug|x86.ActiveCfg = Debug|Any CPU
		{D7DF2513-C470-41FC-9E20-DF06E14B73E0}.Release|Any CPU.ActiveCfg = Release|Any CPU
		{D7DF2513-C470-41FC-9E20-DF06E14B73E0}.Release|Any CPU.Build.0 = Release|Any CPU
		{D7DF2513-C470-41FC-9E20-DF06E14B73E0}.Release|Mixed Platforms.ActiveCfg = Release|Any CPU
		{D7DF2513-C470-41FC-9E20-DF06E14B73E0}.Release|Mixed Platforms.Build.0 = Release|Any CPU
		{D7DF2513-C470-41FC-9E20-DF06E14B73E0}.Release|Win32.ActiveCfg = Release|Any CPU
		{D7DF2513-C470-41FC-9E20-DF06E14B73E0}.Release|x86.ActiveCfg = Release|Any CPU
		{305CA46B-221C-488C-B5D2-D71B55807F8A}.Debug|Any CPU.ActiveCfg = Debug
		{305CA46B-221C-488C-B5D2-D71B55807F8A}.Debug|Any CPU.Build.0 = Debug
		{305CA46B-221C-488C-B5D2-D71B55807F8A}.Debug|Mixed Platforms.ActiveCfg = Debug
		{305CA46B-221C-488C-B5D2-D71B55807F8A}.Debug|Mixed Platforms.Build.0 = Debug
		{305CA46B-221C-488C-B5D2-D71B55807F8A}.Debug|Win32.ActiveCfg = Debug
		{305CA46B-221C-488C-B5D2-D71B55807F8A}.Debug|Win32.Build.0 = Debug
		{305CA46B-221C-488C-B5D2-D71B55807F8A}.Debug|x86.ActiveCfg = Debug
		{305CA46B-221C-488C-B5D2-D71B55807F8A}.Debug|x86.Build.0 = Debug
		{305CA46B-221C-488C-B5D2-D71B55807F8A}.Release|Any CPU.ActiveCfg = Release
		{305CA46B-221C-488C-B5D2-D71B55807F8A}.Release|Any CPU.Build.0 = Release
		{305CA46B-221C-488C-B5D2-D71B55807F8A}.Release|Mixed Platforms.ActiveCfg = Release
		{305CA46B-221C-488C-B5D2-D71B55807F8A}.Release|Mixed Platforms.Build.0 = Release
		{305CA46B-221C-488C-B5D2-D71B55807F8A}.Release|Win32.ActiveCfg = Release
		{305CA46B-221C-488C-B5D2-D71B55807F8A}.Release|Win32.Build.0 = Release
		{305CA46B-221C-488C-B5D2-D71B55807F8A}.Release|x86.ActiveCfg = Release
		{305CA46B-221C-488C-B5D2-D71B55807F8A}.Release|x86.Build.0 = Release
		{36485A04-6E62-42B0-B9C3-74DBCB78D94D}.Debug|Any CPU.ActiveCfg = Debug|Any CPU
		{36485A04-6E62-42B0-B9C3-74DBCB78D94D}.Debug|Any CPU.Build.0 = Debug|Any CPU
		{36485A04-6E62-42B0-B9C3-74DBCB78D94D}.Debug|Mixed Platforms.ActiveCfg = Debug|Any CPU
		{36485A04-6E62-42B0-B9C3-74DBCB78D94D}.Debug|Mixed Platforms.Build.0 = Debug|Any CPU
		{36485A04-6E62-42B0-B9C3-74DBCB78D94D}.Debug|Win32.ActiveCfg = Debug|Any CPU
		{36485A04-6E62-42B0-B9C3-74DBCB78D94D}.Debug|x86.ActiveCfg = Debug|Any CPU
		{36485A04-6E62-42B0-B9C3-74DBCB78D94D}.Release|Any CPU.ActiveCfg = Release|Any CPU
		{36485A04-6E62-42B0-B9C3-74DBCB78D94D}.Release|Any CPU.Build.0 = Release|Any CPU
		{36485A04-6E62-42B0-B9C3-74DBCB78D94D}.Release|Mixed Platforms.ActiveCfg = Release|Any CPU
		{36485A04-6E62-42B0-B9C3-74DBCB78D94D}.Release|Mixed Platforms.Build.0 = Release|Any CPU
		{36485A04-6E62-42B0-B9C3-74DBCB78D94D}.Release|Win32.ActiveCfg = Release|Any CPU
		{36485A04-6E62-42B0-B9C3-74DBCB78D94D}.Release|x86.ActiveCfg = Release|Any CPU
		{D29F77A5-6C0E-42C6-AD6B-F41D8684F2B6}.Debug|Any CPU.ActiveCfg = Debug|Any CPU
		{D29F77A5-6C0E-42C6-AD6B-F41D8684F2B6}.Debug|Any CPU.Build.0 = Debug|Any CPU
		{D29F77A5-6C0E-42C6-AD6B-F41D8684F2B6}.Debug|Mixed Platforms.ActiveCfg = Debug|Any CPU
		{D29F77A5-6C0E-42C6-AD6B-F41D8684F2B6}.Debug|Mixed Platforms.Build.0 = Debug|Any CPU
		{D29F77A5-6C0E-42C6-AD6B-F41D8684F2B6}.Debug|Win32.ActiveCfg = Debug|Any CPU
		{D29F77A5-6C0E-42C6-AD6B-F41D8684F2B6}.Debug|Win32.Build.0 = Debug|Any CPU
		{D29F77A5-6C0E-42C6-AD6B-F41D8684F2B6}.Debug|x86.ActiveCfg = Debug|Any CPU
		{D29F77A5-6C0E-42C6-AD6B-F41D8684F2B6}.Debug|x86.Build.0 = Debug|Any CPU
		{D29F77A5-6C0E-42C6-AD6B-F41D8684F2B6}.Release|Any CPU.ActiveCfg = Release|Any CPU
		{D29F77A5-6C0E-42C6-AD6B-F41D8684F2B6}.Release|Any CPU.Build.0 = Release|Any CPU
		{D29F77A5-6C0E-42C6-AD6B-F41D8684F2B6}.Release|Mixed Platforms.ActiveCfg = Release|Any CPU
		{D29F77A5-6C0E-42C6-AD6B-F41D8684F2B6}.Release|Mixed Platforms.Build.0 = Release|Any CPU
		{D29F77A5-6C0E-42C6-AD6B-F41D8684F2B6}.Release|Win32.ActiveCfg = Release|Any CPU
		{D29F77A5-6C0E-42C6-AD6B-F41D8684F2B6}.Release|Win32.Build.0 = Release|Any CPU
		{D29F77A5-6C0E-42C6-AD6B-F41D8684F2B6}.Release|x86.ActiveCfg = Release|Any CPU
		{D29F77A5-6C0E-42C6-AD6B-F41D8684F2B6}.Release|x86.Build.0 = Release|Any CPU
		{423D7958-2FBC-45C3-AF6B-90C92B1E92F9}.Debug|Any CPU.ActiveCfg = Debug|Any CPU
		{423D7958-2FBC-45C3-AF6B-90C92B1E92F9}.Debug|Any CPU.Build.0 = Debug|Any CPU
		{423D7958-2FBC-45C3-AF6B-90C92B1E92F9}.Debug|Mixed Platforms.ActiveCfg = Debug|Any CPU
		{423D7958-2FBC-45C3-AF6B-90C92B1E92F9}.Debug|Mixed Platforms.Build.0 = Debug|Any CPU
		{423D7958-2FBC-45C3-AF6B-90C92B1E92F9}.Debug|Win32.ActiveCfg = Debug|Any CPU
		{423D7958-2FBC-45C3-AF6B-90C92B1E92F9}.Debug|Win32.Build.0 = Debug|Any CPU
		{423D7958-2FBC-45C3-AF6B-90C92B1E92F9}.Debug|x86.ActiveCfg = Debug|Any CPU
		{423D7958-2FBC-45C3-AF6B-90C92B1E92F9}.Debug|x86.Build.0 = Debug|Any CPU
		{423D7958-2FBC-45C3-AF6B-90C92B1E92F9}.Release|Any CPU.ActiveCfg = Release|Any CPU
		{423D7958-2FBC-45C3-AF6B-90C92B1E92F9}.Release|Mixed Platforms.ActiveCfg = Release|Any CPU
		{423D7958-2FBC-45C3-AF6B-90C92B1E92F9}.Release|Mixed Platforms.Build.0 = Release|Any CPU
		{423D7958-2FBC-45C3-AF6B-90C92B1E92F9}.Release|Win32.ActiveCfg = Release|Any CPU
		{423D7958-2FBC-45C3-AF6B-90C92B1E92F9}.Release|Win32.Build.0 = Release|Any CPU
		{423D7958-2FBC-45C3-AF6B-90C92B1E92F9}.Release|x86.ActiveCfg = Release|Any CPU
		{423D7958-2FBC-45C3-AF6B-90C92B1E92F9}.Release|x86.Build.0 = Release|Any CPU
		{0150D7FD-CC7E-40C0-97D5-80457FD1BB1B}.Debug|Any CPU.ActiveCfg = Debug|Any CPU
		{0150D7FD-CC7E-40C0-97D5-80457FD1BB1B}.Debug|Any CPU.Build.0 = Debug|Any CPU
		{0150D7FD-CC7E-40C0-97D5-80457FD1BB1B}.Debug|Mixed Platforms.ActiveCfg = Debug|Any CPU
		{0150D7FD-CC7E-40C0-97D5-80457FD1BB1B}.Debug|Mixed Platforms.Build.0 = Debug|Any CPU
		{0150D7FD-CC7E-40C0-97D5-80457FD1BB1B}.Debug|Win32.ActiveCfg = Debug|Any CPU
		{0150D7FD-CC7E-40C0-97D5-80457FD1BB1B}.Debug|Win32.Build.0 = Debug|Any CPU
		{0150D7FD-CC7E-40C0-97D5-80457FD1BB1B}.Debug|x86.ActiveCfg = Debug|Any CPU
		{0150D7FD-CC7E-40C0-97D5-80457FD1BB1B}.Debug|x86.Build.0 = Debug|Any CPU
		{0150D7FD-CC7E-40C0-97D5-80457FD1BB1B}.Release|Any CPU.ActiveCfg = Release|Any CPU
		{0150D7FD-CC7E-40C0-97D5-80457FD1BB1B}.Release|Any CPU.Build.0 = Release|Any CPU
		{0150D7FD-CC7E-40C0-97D5-80457FD1BB1B}.Release|Mixed Platforms.ActiveCfg = Release|Any CPU
		{0150D7FD-CC7E-40C0-97D5-80457FD1BB1B}.Release|Mixed Platforms.Build.0 = Release|Any CPU
		{0150D7FD-CC7E-40C0-97D5-80457FD1BB1B}.Release|Win32.ActiveCfg = Release|Any CPU
		{0150D7FD-CC7E-40C0-97D5-80457FD1BB1B}.Release|Win32.Build.0 = Release|Any CPU
		{0150D7FD-CC7E-40C0-97D5-80457FD1BB1B}.Release|x86.ActiveCfg = Release|Any CPU
		{0150D7FD-CC7E-40C0-97D5-80457FD1BB1B}.Release|x86.Build.0 = Release|Any CPU
		{C2045575-95DA-457F-BF6E-D25AEE96ED36}.Debug|Any CPU.ActiveCfg = Debug|Any CPU
		{C2045575-95DA-457F-BF6E-D25AEE96ED36}.Debug|Any CPU.Build.0 = Debug|Any CPU
		{C2045575-95DA-457F-BF6E-D25AEE96ED36}.Debug|Mixed Platforms.ActiveCfg = Debug|Any CPU
		{C2045575-95DA-457F-BF6E-D25AEE96ED36}.Debug|Mixed Platforms.Build.0 = Debug|Any CPU
		{C2045575-95DA-457F-BF6E-D25AEE96ED36}.Debug|Win32.ActiveCfg = Debug|Any CPU
		{C2045575-95DA-457F-BF6E-D25AEE96ED36}.Debug|Win32.Build.0 = Debug|Any CPU
		{C2045575-95DA-457F-BF6E-D25AEE96ED36}.Debug|x86.ActiveCfg = Debug|Any CPU
		{C2045575-95DA-457F-BF6E-D25AEE96ED36}.Debug|x86.Build.0 = Debug|Any CPU
		{C2045575-95DA-457F-BF6E-D25AEE96ED36}.Release|Any CPU.ActiveCfg = Release|Any CPU
		{C2045575-95DA-457F-BF6E-D25AEE96ED36}.Release|Any CPU.Build.0 = Release|Any CPU
		{C2045575-95DA-457F-BF6E-D25AEE96ED36}.Release|Mixed Platforms.ActiveCfg = Release|Any CPU
		{C2045575-95DA-457F-BF6E-D25AEE96ED36}.Release|Mixed Platforms.Build.0 = Release|Any CPU
		{C2045575-95DA-457F-BF6E-D25AEE96ED36}.Release|Win32.ActiveCfg = Release|Any CPU
		{C2045575-95DA-457F-BF6E-D25AEE96ED36}.Release|Win32.Build.0 = Release|Any CPU
		{C2045575-95DA-457F-BF6E-D25AEE96ED36}.Release|x86.ActiveCfg = Release|Any CPU
		{C2045575-95DA-457F-BF6E-D25AEE96ED36}.Release|x86.Build.0 = Release|Any CPU
	EndGlobalSection
	GlobalSection(SolutionProperties) = preSolution
		HideSolutionNode = FALSE
	EndGlobalSection
	GlobalSection(NestedProjects) = preSolution
		{8744926E-0AF2-4F41-81D3-98004974856B} = {8ED1B349-4B3A-4D5C-8BF2-3ECD4A1640DD}
		{8A4C67CC-EDF4-4AD7-9C8A-A8148C17999E} = {8ED1B349-4B3A-4D5C-8BF2-3ECD4A1640DD}
		{EFD170E0-EA31-45F7-807F-46791484D2D4} = {8ED1B349-4B3A-4D5C-8BF2-3ECD4A1640DD}
		{1B23425E-3641-4B88-BD76-971C12C03713} = {8ED1B349-4B3A-4D5C-8BF2-3ECD4A1640DD}
		{B67DCBA3-3945-4245-A44F-1ED35E76BAE2} = {8ED1B349-4B3A-4D5C-8BF2-3ECD4A1640DD}
		{7289EE4B-D27F-4C92-BCE2-B599D8DA4127} = {8ED1B349-4B3A-4D5C-8BF2-3ECD4A1640DD}
		{CFE8708A-7EB0-45D8-BD79-0EDCCA20E94F} = {8ED1B349-4B3A-4D5C-8BF2-3ECD4A1640DD}
		{F7910E06-3FEB-4D0C-976F-70285B06E90C} = {8ED1B349-4B3A-4D5C-8BF2-3ECD4A1640DD}
		{5701E610-ECA4-4EF5-8475-038C59F4D557} = {8ED1B349-4B3A-4D5C-8BF2-3ECD4A1640DD}
		{8CFF5DBD-3C8F-4817-BC49-35AC5CEC1A56} = {8ED1B349-4B3A-4D5C-8BF2-3ECD4A1640DD}
		{73C5ED59-BB50-47C0-97CC-43F82BCA3BA4} = {8ED1B349-4B3A-4D5C-8BF2-3ECD4A1640DD}
		{AF8AF8E2-7662-4F81-BBB9-B6E828ABD21D} = {8ED1B349-4B3A-4D5C-8BF2-3ECD4A1640DD}
		{6B71722E-E09F-417A-8D76-9E6941453FC6} = {8ED1B349-4B3A-4D5C-8BF2-3ECD4A1640DD}
		{950E97A0-8ACB-4ADB-BCD4-680945253386} = {8ED1B349-4B3A-4D5C-8BF2-3ECD4A1640DD}
		{68C2F608-9553-463D-B638-EC636C6CA59C} = {8ED1B349-4B3A-4D5C-8BF2-3ECD4A1640DD}
		{F82DF2C6-BD45-40FE-A467-AD04DD3D0158} = {8ED1B349-4B3A-4D5C-8BF2-3ECD4A1640DD}
		{FC09A207-5505-4DBC-8012-35D025627A60} = {8ED1B349-4B3A-4D5C-8BF2-3ECD4A1640DD}
		{F5E9543A-555D-43D0-8560-48137D2D95C8} = {8ED1B349-4B3A-4D5C-8BF2-3ECD4A1640DD}
		{7ACDC110-2CBA-4054-8DCE-1B113139F233} = {8ED1B349-4B3A-4D5C-8BF2-3ECD4A1640DD}
		{C1665859-924D-426A-A53D-40D9DD7B06A6} = {8ED1B349-4B3A-4D5C-8BF2-3ECD4A1640DD}
		{2A9F946D-51A9-4F64-8B66-A8ABCED76632} = {8ED1B349-4B3A-4D5C-8BF2-3ECD4A1640DD}
		{D7DF2513-C470-41FC-9E20-DF06E14B73E0} = {8ED1B349-4B3A-4D5C-8BF2-3ECD4A1640DD}
		{36485A04-6E62-42B0-B9C3-74DBCB78D94D} = {8ED1B349-4B3A-4D5C-8BF2-3ECD4A1640DD}
		{D29F77A5-6C0E-42C6-AD6B-F41D8684F2B6} = {8ED1B349-4B3A-4D5C-8BF2-3ECD4A1640DD}
		{0150D7FD-CC7E-40C0-97D5-80457FD1BB1B} = {8ED1B349-4B3A-4D5C-8BF2-3ECD4A1640DD}
	EndGlobalSection
EndGlobal
